// !$*UTF8*$!
{
	archiveVersion = 1;
	classes = {
	};
	objectVersion = 46;
	objects = {

/* Begin PBXBuildFile section */
		BC6981206064E47104CB7249 /* Pods_RealmSyncServer.framework in Frameworks */ = {isa = PBXBuildFile; fileRef = 8F9285A27E420F8A597AFCB8 /* Pods_RealmSyncServer.framework */; };
		C22514331CF5A98D007E64EB /* AppDelegate.swift in Sources */ = {isa = PBXBuildFile; fileRef = C22514321CF5A98D007E64EB /* AppDelegate.swift */; };
		C22514371CF5A98D007E64EB /* Assets.xcassets in Resources */ = {isa = PBXBuildFile; fileRef = C22514361CF5A98D007E64EB /* Assets.xcassets */; };
		C22514451CF5A98D007E64EB /* RealmSyncServerTests.swift in Sources */ = {isa = PBXBuildFile; fileRef = C22514441CF5A98D007E64EB /* RealmSyncServerTests.swift */; };
		C22514501CF5A98D007E64EB /* RealmSyncServerUITests.swift in Sources */ = {isa = PBXBuildFile; fileRef = C225144F1CF5A98D007E64EB /* RealmSyncServerUITests.swift */; };
		C22514601CF5AA62007E64EB /* Main.storyboard in Resources */ = {isa = PBXBuildFile; fileRef = C225145E1CF5AA62007E64EB /* Main.storyboard */; };
		C22514681CF74F5A007E64EB /* NSFileManager+CommonURLs.swift in Sources */ = {isa = PBXBuildFile; fileRef = C22514671CF74F5A007E64EB /* NSFileManager+CommonURLs.swift */; };
		C22514691CF87853007E64EB /* ServerViewController.swift in Sources */ = {isa = PBXBuildFile; fileRef = C22514341CF5A98D007E64EB /* ServerViewController.swift */; };
		C22B99341D01BE4B005CA3F0 /* CredentialsManifest.swift in Sources */ = {isa = PBXBuildFile; fileRef = C22B99331D01BE4B005CA3F0 /* CredentialsManifest.swift */; };
		C22B99371D01BE9F005CA3F0 /* JSONRepresentable.swift in Sources */ = {isa = PBXBuildFile; fileRef = C22B99361D01BE9F005CA3F0 /* JSONRepresentable.swift */; };
		C22B993A1D01C4C5005CA3F0 /* CredentialsCellView.swift in Sources */ = {isa = PBXBuildFile; fileRef = C22B99391D01C4C5005CA3F0 /* CredentialsCellView.swift */; };
		C290C17D1D1D6CC3002AFCA7 /* SyncServer.mm in Sources */ = {isa = PBXBuildFile; fileRef = C290C17C1D1D6CC3002AFCA7 /* SyncServer.mm */; };
		C29C634C1CFCB6670099C501 /* NSObject+CommonBindings.swift in Sources */ = {isa = PBXBuildFile; fileRef = C29C634A1CFCB5C00099C501 /* NSObject+CommonBindings.swift */; };
		C29C63561CFF03170099C501 /* private.pem in Resources */ = {isa = PBXBuildFile; fileRef = C29C63541CFF03170099C501 /* private.pem */; };
		C29C63571CFF03170099C501 /* public.pem in Resources */ = {isa = PBXBuildFile; fileRef = C29C63551CFF03170099C501 /* public.pem */; };
		C29C635D1CFF20480099C501 /* Credentials.swift in Sources */ = {isa = PBXBuildFile; fileRef = C29C635C1CFF20480099C501 /* Credentials.swift */; };
		C29C635F1CFF28C80099C501 /* TokenGenerator.swift in Sources */ = {isa = PBXBuildFile; fileRef = C29C635E1CFF28C80099C501 /* TokenGenerator.swift */; };
		C29C63611CFF2B140099C501 /* CredentialsStore.swift in Sources */ = {isa = PBXBuildFile; fileRef = C29C63601CFF2B140099C501 /* CredentialsStore.swift */; };
		C29C63631CFF3E0A0099C501 /* ManageCredentialsViewController.swift in Sources */ = {isa = PBXBuildFile; fileRef = C29C63621CFF3E0A0099C501 /* ManageCredentialsViewController.swift */; };
		C29C63651D0079F70099C501 /* GenerateCredentialsViewController.swift in Sources */ = {isa = PBXBuildFile; fileRef = C225146E1CF99C74007E64EB /* GenerateCredentialsViewController.swift */; };
/* End PBXBuildFile section */

/* Begin PBXContainerItemProxy section */
		C22514411CF5A98D007E64EB /* PBXContainerItemProxy */ = {
			isa = PBXContainerItemProxy;
			containerPortal = C22514271CF5A98D007E64EB /* Project object */;
			proxyType = 1;
			remoteGlobalIDString = C225142E1CF5A98D007E64EB;
			remoteInfo = RealmSyncServer;
		};
		C225144C1CF5A98D007E64EB /* PBXContainerItemProxy */ = {
			isa = PBXContainerItemProxy;
			containerPortal = C22514271CF5A98D007E64EB /* Project object */;
			proxyType = 1;
			remoteGlobalIDString = C225142E1CF5A98D007E64EB;
			remoteInfo = RealmSyncServer;
		};
/* End PBXContainerItemProxy section */

/* Begin PBXFileReference section */
		1A9DC1BEED772C38CE484E50 /* Pods-RealmSyncServer.release.xcconfig */ = {isa = PBXFileReference; includeInIndex = 1; lastKnownFileType = text.xcconfig; name = "Pods-RealmSyncServer.release.xcconfig"; path = "../Pods/Target Support Files/Pods-RealmSyncServer/Pods-RealmSyncServer.release.xcconfig"; sourceTree = "<group>"; };
		8F9285A27E420F8A597AFCB8 /* Pods_RealmSyncServer.framework */ = {isa = PBXFileReference; explicitFileType = wrapper.framework; includeInIndex = 0; path = Pods_RealmSyncServer.framework; sourceTree = BUILT_PRODUCTS_DIR; };
		C225142F1CF5A98D007E64EB /* Realm Sync Server.app */ = {isa = PBXFileReference; explicitFileType = wrapper.application; includeInIndex = 0; path = "Realm Sync Server.app"; sourceTree = BUILT_PRODUCTS_DIR; };
		C22514321CF5A98D007E64EB /* AppDelegate.swift */ = {isa = PBXFileReference; lastKnownFileType = sourcecode.swift; path = AppDelegate.swift; sourceTree = "<group>"; };
		C22514341CF5A98D007E64EB /* ServerViewController.swift */ = {isa = PBXFileReference; lastKnownFileType = sourcecode.swift; path = ServerViewController.swift; sourceTree = "<group>"; };
		C22514361CF5A98D007E64EB /* Assets.xcassets */ = {isa = PBXFileReference; lastKnownFileType = folder.assetcatalog; path = Assets.xcassets; sourceTree = "<group>"; };
		C225143B1CF5A98D007E64EB /* Info.plist */ = {isa = PBXFileReference; lastKnownFileType = text.plist.xml; path = Info.plist; sourceTree = "<group>"; };
		C22514401CF5A98D007E64EB /* RealmSyncServerTests.xctest */ = {isa = PBXFileReference; explicitFileType = wrapper.cfbundle; includeInIndex = 0; path = RealmSyncServerTests.xctest; sourceTree = BUILT_PRODUCTS_DIR; };
		C22514441CF5A98D007E64EB /* RealmSyncServerTests.swift */ = {isa = PBXFileReference; lastKnownFileType = sourcecode.swift; path = RealmSyncServerTests.swift; sourceTree = "<group>"; };
		C22514461CF5A98D007E64EB /* Info.plist */ = {isa = PBXFileReference; lastKnownFileType = text.plist.xml; path = Info.plist; sourceTree = "<group>"; };
		C225144B1CF5A98D007E64EB /* RealmSyncServerUITests.xctest */ = {isa = PBXFileReference; explicitFileType = wrapper.cfbundle; includeInIndex = 0; path = RealmSyncServerUITests.xctest; sourceTree = BUILT_PRODUCTS_DIR; };
		C225144F1CF5A98D007E64EB /* RealmSyncServerUITests.swift */ = {isa = PBXFileReference; lastKnownFileType = sourcecode.swift; path = RealmSyncServerUITests.swift; sourceTree = "<group>"; };
		C22514511CF5A98D007E64EB /* Info.plist */ = {isa = PBXFileReference; lastKnownFileType = text.plist.xml; path = Info.plist; sourceTree = "<group>"; };
		C225145F1CF5AA62007E64EB /* Base */ = {isa = PBXFileReference; lastKnownFileType = file.storyboard; name = Base; path = Base.lproj/Main.storyboard; sourceTree = "<group>"; };
		C22514671CF74F5A007E64EB /* NSFileManager+CommonURLs.swift */ = {isa = PBXFileReference; fileEncoding = 4; lastKnownFileType = sourcecode.swift; path = "NSFileManager+CommonURLs.swift"; sourceTree = "<group>"; };
		C225146E1CF99C74007E64EB /* GenerateCredentialsViewController.swift */ = {isa = PBXFileReference; fileEncoding = 4; lastKnownFileType = sourcecode.swift; path = GenerateCredentialsViewController.swift; sourceTree = "<group>"; };
		C22B99331D01BE4B005CA3F0 /* CredentialsManifest.swift */ = {isa = PBXFileReference; fileEncoding = 4; lastKnownFileType = sourcecode.swift; name = CredentialsManifest.swift; path = Models/CredentialsManifest.swift; sourceTree = "<group>"; };
		C22B99361D01BE9F005CA3F0 /* JSONRepresentable.swift */ = {isa = PBXFileReference; fileEncoding = 4; lastKnownFileType = sourcecode.swift; path = JSONRepresentable.swift; sourceTree = "<group>"; };
		C22B99391D01C4C5005CA3F0 /* CredentialsCellView.swift */ = {isa = PBXFileReference; fileEncoding = 4; lastKnownFileType = sourcecode.swift; name = CredentialsCellView.swift; path = Views/CredentialsCellView.swift; sourceTree = "<group>"; };
		C2714EF81D0AF5E100085A7A /* Realm Sync Server.entitlements */ = {isa = PBXFileReference; lastKnownFileType = text.xml; path = "Realm Sync Server.entitlements"; sourceTree = "<group>"; };
		C290C17A1D1D6CC2002AFCA7 /* RealmSyncServer-Bridging-Header.h */ = {isa = PBXFileReference; lastKnownFileType = sourcecode.c.h; path = "RealmSyncServer-Bridging-Header.h"; sourceTree = "<group>"; };
		C290C17B1D1D6CC3002AFCA7 /* SyncServer.h */ = {isa = PBXFileReference; fileEncoding = 4; lastKnownFileType = sourcecode.c.h; path = SyncServer.h; sourceTree = "<group>"; };
		C290C17C1D1D6CC3002AFCA7 /* SyncServer.mm */ = {isa = PBXFileReference; fileEncoding = 4; lastKnownFileType = sourcecode.cpp.objcpp; path = SyncServer.mm; sourceTree = "<group>"; };
		C29C634A1CFCB5C00099C501 /* NSObject+CommonBindings.swift */ = {isa = PBXFileReference; fileEncoding = 4; lastKnownFileType = sourcecode.swift; path = "NSObject+CommonBindings.swift"; sourceTree = "<group>"; };
		C29C63541CFF03170099C501 /* private.pem */ = {isa = PBXFileReference; fileEncoding = 4; lastKnownFileType = text; path = private.pem; sourceTree = "<group>"; };
		C29C63551CFF03170099C501 /* public.pem */ = {isa = PBXFileReference; fileEncoding = 4; lastKnownFileType = text; path = public.pem; sourceTree = "<group>"; };
		C29C635C1CFF20480099C501 /* Credentials.swift */ = {isa = PBXFileReference; fileEncoding = 4; lastKnownFileType = sourcecode.swift; name = Credentials.swift; path = Models/Credentials.swift; sourceTree = "<group>"; };
		C29C635E1CFF28C80099C501 /* TokenGenerator.swift */ = {isa = PBXFileReference; fileEncoding = 4; lastKnownFileType = sourcecode.swift; path = TokenGenerator.swift; sourceTree = "<group>"; };
		C29C63601CFF2B140099C501 /* CredentialsStore.swift */ = {isa = PBXFileReference; fileEncoding = 4; lastKnownFileType = sourcecode.swift; name = CredentialsStore.swift; path = Models/CredentialsStore.swift; sourceTree = "<group>"; };
		C29C63621CFF3E0A0099C501 /* ManageCredentialsViewController.swift */ = {isa = PBXFileReference; fileEncoding = 4; lastKnownFileType = sourcecode.swift; path = ManageCredentialsViewController.swift; sourceTree = "<group>"; };
		FBFE0022B396C819784C8F48 /* Pods-RealmSyncServer.debug.xcconfig */ = {isa = PBXFileReference; includeInIndex = 1; lastKnownFileType = text.xcconfig; name = "Pods-RealmSyncServer.debug.xcconfig"; path = "../Pods/Target Support Files/Pods-RealmSyncServer/Pods-RealmSyncServer.debug.xcconfig"; sourceTree = "<group>"; };
/* End PBXFileReference section */

/* Begin PBXFrameworksBuildPhase section */
		C225142C1CF5A98D007E64EB /* Frameworks */ = {
			isa = PBXFrameworksBuildPhase;
			buildActionMask = 2147483647;
			files = (
				BC6981206064E47104CB7249 /* Pods_RealmSyncServer.framework in Frameworks */,
			);
			runOnlyForDeploymentPostprocessing = 0;
		};
		C225143D1CF5A98D007E64EB /* Frameworks */ = {
			isa = PBXFrameworksBuildPhase;
			buildActionMask = 2147483647;
			files = (
			);
			runOnlyForDeploymentPostprocessing = 0;
		};
		C22514481CF5A98D007E64EB /* Frameworks */ = {
			isa = PBXFrameworksBuildPhase;
			buildActionMask = 2147483647;
			files = (
			);
			runOnlyForDeploymentPostprocessing = 0;
		};
/* End PBXFrameworksBuildPhase section */

/* Begin PBXGroup section */
		1FC1E1AF86AB2EFCC0333FAD /* Pods */ = {
			isa = PBXGroup;
			children = (
				FBFE0022B396C819784C8F48 /* Pods-RealmSyncServer.debug.xcconfig */,
				1A9DC1BEED772C38CE484E50 /* Pods-RealmSyncServer.release.xcconfig */,
			);
			name = Pods;
			sourceTree = "<group>";
		};
		C22514261CF5A98D007E64EB = {
			isa = PBXGroup;
			children = (
				C22514311CF5A98D007E64EB /* Sources */,
				C225145D1CF5A9F0007E64EB /* Resources */,
				C2714EF91D0AF60100085A7A /* Supporting Files */,
				C22514431CF5A98D007E64EB /* Test */,
				C225144E1CF5A98D007E64EB /* UITest */,
				C22514301CF5A98D007E64EB /* Products */,
				1FC1E1AF86AB2EFCC0333FAD /* Pods */,
				D6862C982541E445A6A1E3E1 /* Frameworks */,
			);
			sourceTree = "<group>";
		};
		C22514301CF5A98D007E64EB /* Products */ = {
			isa = PBXGroup;
			children = (
				C225142F1CF5A98D007E64EB /* Realm Sync Server.app */,
				C22514401CF5A98D007E64EB /* RealmSyncServerTests.xctest */,
				C225144B1CF5A98D007E64EB /* RealmSyncServerUITests.xctest */,
			);
			name = Products;
			sourceTree = "<group>";
		};
		C22514311CF5A98D007E64EB /* Sources */ = {
			isa = PBXGroup;
			children = (
				C22514611CF5BC3E007E64EB /* Application */,
				C22514621CF5BC4A007E64EB /* Library */,
				C29C635B1CFF20210099C501 /* Models */,
				C22514651CF5D28D007E64EB /* Controllers */,
				C22B99381D01C48D005CA3F0 /* Views */,
			);
			path = Sources;
			sourceTree = "<group>";
		};
		C22514431CF5A98D007E64EB /* Test */ = {
			isa = PBXGroup;
			children = (
				C22514441CF5A98D007E64EB /* RealmSyncServerTests.swift */,
				C22514461CF5A98D007E64EB /* Info.plist */,
			);
			path = Test;
			sourceTree = "<group>";
		};
		C225144E1CF5A98D007E64EB /* UITest */ = {
			isa = PBXGroup;
			children = (
				C225144F1CF5A98D007E64EB /* RealmSyncServerUITests.swift */,
				C22514511CF5A98D007E64EB /* Info.plist */,
			);
			path = UITest;
			sourceTree = "<group>";
		};
		C225145D1CF5A9F0007E64EB /* Resources */ = {
			isa = PBXGroup;
			children = (
				C29C63531CFF02A70099C501 /* Certificates */,
				C22514361CF5A98D007E64EB /* Assets.xcassets */,
				C225145E1CF5AA62007E64EB /* Main.storyboard */,
				C225143B1CF5A98D007E64EB /* Info.plist */,
			);
			path = Resources;
			sourceTree = "<group>";
		};
		C22514611CF5BC3E007E64EB /* Application */ = {
			isa = PBXGroup;
			children = (
				C22514321CF5A98D007E64EB /* AppDelegate.swift */,
			);
			path = Application;
			sourceTree = "<group>";
		};
		C22514621CF5BC4A007E64EB /* Library */ = {
			isa = PBXGroup;
			children = (
				C22B99351D01BE88005CA3F0 /* Protocols */,
				C22514661CF74EF2007E64EB /* Extensions */,
				C290C17B1D1D6CC3002AFCA7 /* SyncServer.h */,
				C290C17C1D1D6CC3002AFCA7 /* SyncServer.mm */,
				C29C635E1CFF28C80099C501 /* TokenGenerator.swift */,
			);
			path = Library;
			sourceTree = "<group>";
		};
		C22514651CF5D28D007E64EB /* Controllers */ = {
			isa = PBXGroup;
			children = (
				C22514341CF5A98D007E64EB /* ServerViewController.swift */,
				C29C63621CFF3E0A0099C501 /* ManageCredentialsViewController.swift */,
				C225146E1CF99C74007E64EB /* GenerateCredentialsViewController.swift */,
			);
			path = Controllers;
			sourceTree = "<group>";
		};
		C22514661CF74EF2007E64EB /* Extensions */ = {
			isa = PBXGroup;
			children = (
				C22514671CF74F5A007E64EB /* NSFileManager+CommonURLs.swift */,
				C29C634A1CFCB5C00099C501 /* NSObject+CommonBindings.swift */,
			);
			path = Extensions;
			sourceTree = "<group>";
		};
		C22B99351D01BE88005CA3F0 /* Protocols */ = {
			isa = PBXGroup;
			children = (
				C22B99361D01BE9F005CA3F0 /* JSONRepresentable.swift */,
			);
			path = Protocols;
			sourceTree = "<group>";
		};
		C22B99381D01C48D005CA3F0 /* Views */ = {
			isa = PBXGroup;
			children = (
				C22B99391D01C4C5005CA3F0 /* CredentialsCellView.swift */,
			);
			name = Views;
			sourceTree = "<group>";
		};
		C2714EF91D0AF60100085A7A /* Supporting Files */ = {
			isa = PBXGroup;
			children = (
				C290C17A1D1D6CC2002AFCA7 /* RealmSyncServer-Bridging-Header.h */,
				C2714EF81D0AF5E100085A7A /* Realm Sync Server.entitlements */,
			);
			path = "Supporting Files";
			sourceTree = "<group>";
		};
		C29C63531CFF02A70099C501 /* Certificates */ = {
			isa = PBXGroup;
			children = (
				C29C63541CFF03170099C501 /* private.pem */,
				C29C63551CFF03170099C501 /* public.pem */,
			);
			path = Certificates;
			sourceTree = "<group>";
		};
		C29C635B1CFF20210099C501 /* Models */ = {
			isa = PBXGroup;
			children = (
				C29C635C1CFF20480099C501 /* Credentials.swift */,
				C29C63601CFF2B140099C501 /* CredentialsStore.swift */,
				C22B99331D01BE4B005CA3F0 /* CredentialsManifest.swift */,
			);
			name = Models;
			sourceTree = "<group>";
		};
		D6862C982541E445A6A1E3E1 /* Frameworks */ = {
			isa = PBXGroup;
			children = (
				8F9285A27E420F8A597AFCB8 /* Pods_RealmSyncServer.framework */,
			);
			name = Frameworks;
			sourceTree = "<group>";
		};
/* End PBXGroup section */

/* Begin PBXNativeTarget section */
		C225142E1CF5A98D007E64EB /* RealmSyncServer */ = {
			isa = PBXNativeTarget;
			buildConfigurationList = C22514541CF5A98D007E64EB /* Build configuration list for PBXNativeTarget "RealmSyncServer" */;
			buildPhases = (
				0C9E8B07061BA5656F540F03 /* [CP] Check Pods Manifest.lock */,
				C225142B1CF5A98D007E64EB /* Sources */,
				C225142C1CF5A98D007E64EB /* Frameworks */,
				C225142D1CF5A98D007E64EB /* Resources */,
				77E10D955F7B4F4FFDE8BF28 /* [CP] Embed Pods Frameworks */,
				2B64DAC783F92CAC643CCEA5 /* [CP] Copy Pods Resources */,
			);
			buildRules = (
			);
			dependencies = (
			);
			name = RealmSyncServer;
			productName = RealmSyncServer;
			productReference = C225142F1CF5A98D007E64EB /* Realm Sync Server.app */;
			productType = "com.apple.product-type.application";
		};
		C225143F1CF5A98D007E64EB /* RealmSyncServerTests */ = {
			isa = PBXNativeTarget;
			buildConfigurationList = C22514571CF5A98D007E64EB /* Build configuration list for PBXNativeTarget "RealmSyncServerTests" */;
			buildPhases = (
				C225143C1CF5A98D007E64EB /* Sources */,
				C225143D1CF5A98D007E64EB /* Frameworks */,
				C225143E1CF5A98D007E64EB /* Resources */,
			);
			buildRules = (
			);
			dependencies = (
				C22514421CF5A98D007E64EB /* PBXTargetDependency */,
			);
			name = RealmSyncServerTests;
			productName = RealmSyncServerTests;
			productReference = C22514401CF5A98D007E64EB /* RealmSyncServerTests.xctest */;
			productType = "com.apple.product-type.bundle.unit-test";
		};
		C225144A1CF5A98D007E64EB /* RealmSyncServerUITests */ = {
			isa = PBXNativeTarget;
			buildConfigurationList = C225145A1CF5A98D007E64EB /* Build configuration list for PBXNativeTarget "RealmSyncServerUITests" */;
			buildPhases = (
				C22514471CF5A98D007E64EB /* Sources */,
				C22514481CF5A98D007E64EB /* Frameworks */,
				C22514491CF5A98D007E64EB /* Resources */,
			);
			buildRules = (
			);
			dependencies = (
				C225144D1CF5A98D007E64EB /* PBXTargetDependency */,
			);
			name = RealmSyncServerUITests;
			productName = RealmSyncServerUITests;
			productReference = C225144B1CF5A98D007E64EB /* RealmSyncServerUITests.xctest */;
			productType = "com.apple.product-type.bundle.ui-testing";
		};
/* End PBXNativeTarget section */

/* Begin PBXProject section */
		C22514271CF5A98D007E64EB /* Project object */ = {
			isa = PBXProject;
			attributes = {
				CLASSPREFIX = "";
				LastSwiftUpdateCheck = 0730;
				LastUpgradeCheck = 0730;
				ORGANIZATIONNAME = "Realm Inc.";
				TargetAttributes = {
					C225142E1CF5A98D007E64EB = {
						CreatedOnToolsVersion = 7.3.1;
						SystemCapabilities = {
							com.apple.Sandbox = {
								enabled = 1;
							};
						};
					};
					C225143F1CF5A98D007E64EB = {
						CreatedOnToolsVersion = 7.3.1;
						TestTargetID = C225142E1CF5A98D007E64EB;
					};
					C225144A1CF5A98D007E64EB = {
						CreatedOnToolsVersion = 7.3.1;
						TestTargetID = C225142E1CF5A98D007E64EB;
					};
				};
			};
			buildConfigurationList = C225142A1CF5A98D007E64EB /* Build configuration list for PBXProject "RealmSyncServer" */;
			compatibilityVersion = "Xcode 3.2";
			developmentRegion = English;
			hasScannedForEncodings = 0;
			knownRegions = (
				en,
				Base,
			);
			mainGroup = C22514261CF5A98D007E64EB;
			productRefGroup = C22514301CF5A98D007E64EB /* Products */;
			projectDirPath = "";
			projectRoot = "";
			targets = (
				C225142E1CF5A98D007E64EB /* RealmSyncServer */,
				C225143F1CF5A98D007E64EB /* RealmSyncServerTests */,
				C225144A1CF5A98D007E64EB /* RealmSyncServerUITests */,
			);
		};
/* End PBXProject section */

/* Begin PBXResourcesBuildPhase section */
		C225142D1CF5A98D007E64EB /* Resources */ = {
			isa = PBXResourcesBuildPhase;
			buildActionMask = 2147483647;
			files = (
				C22514371CF5A98D007E64EB /* Assets.xcassets in Resources */,
				C29C63571CFF03170099C501 /* public.pem in Resources */,
				C29C63561CFF03170099C501 /* private.pem in Resources */,
				C22514601CF5AA62007E64EB /* Main.storyboard in Resources */,
			);
			runOnlyForDeploymentPostprocessing = 0;
		};
		C225143E1CF5A98D007E64EB /* Resources */ = {
			isa = PBXResourcesBuildPhase;
			buildActionMask = 2147483647;
			files = (
			);
			runOnlyForDeploymentPostprocessing = 0;
		};
		C22514491CF5A98D007E64EB /* Resources */ = {
			isa = PBXResourcesBuildPhase;
			buildActionMask = 2147483647;
			files = (
			);
			runOnlyForDeploymentPostprocessing = 0;
		};
/* End PBXResourcesBuildPhase section */

/* Begin PBXShellScriptBuildPhase section */
		0C9E8B07061BA5656F540F03 /* [CP] Check Pods Manifest.lock */ = {
			isa = PBXShellScriptBuildPhase;
			buildActionMask = 2147483647;
			files = (
			);
			inputPaths = (
			);
			name = "[CP] Check Pods Manifest.lock";
			outputPaths = (
			);
			runOnlyForDeploymentPostprocessing = 0;
			shellPath = /bin/sh;
			shellScript = "diff \"${PODS_ROOT}/../Podfile.lock\" \"${PODS_ROOT}/Manifest.lock\" > /dev/null\nif [[ $? != 0 ]] ; then\n    cat << EOM\nerror: The sandbox is not in sync with the Podfile.lock. Run 'pod install' or update your CocoaPods installation.\nEOM\n    exit 1\nfi\n";
			showEnvVarsInLog = 0;
		};
		2B64DAC783F92CAC643CCEA5 /* [CP] Copy Pods Resources */ = {
			isa = PBXShellScriptBuildPhase;
			buildActionMask = 2147483647;
			files = (
			);
			inputPaths = (
			);
			name = "[CP] Copy Pods Resources";
			outputPaths = (
			);
			runOnlyForDeploymentPostprocessing = 0;
			shellPath = /bin/sh;
			shellScript = "\"${SRCROOT}/../Pods/Target Support Files/Pods-RealmSyncServer/Pods-RealmSyncServer-resources.sh\"\n";
			showEnvVarsInLog = 0;
		};
		77E10D955F7B4F4FFDE8BF28 /* [CP] Embed Pods Frameworks */ = {
			isa = PBXShellScriptBuildPhase;
			buildActionMask = 2147483647;
			files = (
			);
			inputPaths = (
			);
			name = "[CP] Embed Pods Frameworks";
			outputPaths = (
			);
			runOnlyForDeploymentPostprocessing = 0;
			shellPath = /bin/sh;
			shellScript = "\"${SRCROOT}/../Pods/Target Support Files/Pods-RealmSyncServer/Pods-RealmSyncServer-frameworks.sh\"\n";
			showEnvVarsInLog = 0;
		};
/* End PBXShellScriptBuildPhase section */

/* Begin PBXSourcesBuildPhase section */
		C225142B1CF5A98D007E64EB /* Sources */ = {
			isa = PBXSourcesBuildPhase;
			buildActionMask = 2147483647;
			files = (
				C22514331CF5A98D007E64EB /* AppDelegate.swift in Sources */,
				C22B99371D01BE9F005CA3F0 /* JSONRepresentable.swift in Sources */,
				C22B993A1D01C4C5005CA3F0 /* CredentialsCellView.swift in Sources */,
				C29C63651D0079F70099C501 /* GenerateCredentialsViewController.swift in Sources */,
				C29C63631CFF3E0A0099C501 /* ManageCredentialsViewController.swift in Sources */,
				C29C635D1CFF20480099C501 /* Credentials.swift in Sources */,
				C29C63611CFF2B140099C501 /* CredentialsStore.swift in Sources */,
				C22B99341D01BE4B005CA3F0 /* CredentialsManifest.swift in Sources */,
				C290C17D1D1D6CC3002AFCA7 /* SyncServer.mm in Sources */,
				C29C634C1CFCB6670099C501 /* NSObject+CommonBindings.swift in Sources */,
				C22514681CF74F5A007E64EB /* NSFileManager+CommonURLs.swift in Sources */,
				C22514691CF87853007E64EB /* ServerViewController.swift in Sources */,
				C29C635F1CFF28C80099C501 /* TokenGenerator.swift in Sources */,
			);
			runOnlyForDeploymentPostprocessing = 0;
		};
		C225143C1CF5A98D007E64EB /* Sources */ = {
			isa = PBXSourcesBuildPhase;
			buildActionMask = 2147483647;
			files = (
				C22514451CF5A98D007E64EB /* RealmSyncServerTests.swift in Sources */,
			);
			runOnlyForDeploymentPostprocessing = 0;
		};
		C22514471CF5A98D007E64EB /* Sources */ = {
			isa = PBXSourcesBuildPhase;
			buildActionMask = 2147483647;
			files = (
				C22514501CF5A98D007E64EB /* RealmSyncServerUITests.swift in Sources */,
			);
			runOnlyForDeploymentPostprocessing = 0;
		};
/* End PBXSourcesBuildPhase section */

/* Begin PBXTargetDependency section */
		C22514421CF5A98D007E64EB /* PBXTargetDependency */ = {
			isa = PBXTargetDependency;
			target = C225142E1CF5A98D007E64EB /* RealmSyncServer */;
			targetProxy = C22514411CF5A98D007E64EB /* PBXContainerItemProxy */;
		};
		C225144D1CF5A98D007E64EB /* PBXTargetDependency */ = {
			isa = PBXTargetDependency;
			target = C225142E1CF5A98D007E64EB /* RealmSyncServer */;
			targetProxy = C225144C1CF5A98D007E64EB /* PBXContainerItemProxy */;
		};
/* End PBXTargetDependency section */

/* Begin PBXVariantGroup section */
		C225145E1CF5AA62007E64EB /* Main.storyboard */ = {
			isa = PBXVariantGroup;
			children = (
				C225145F1CF5AA62007E64EB /* Base */,
			);
			name = Main.storyboard;
			sourceTree = "<group>";
		};
/* End PBXVariantGroup section */

/* Begin XCBuildConfiguration section */
		C22514521CF5A98D007E64EB /* Debug */ = {
			isa = XCBuildConfiguration;
			buildSettings = {
				ALWAYS_SEARCH_USER_PATHS = NO;
				CLANG_ANALYZER_NONNULL = YES;
				CLANG_CXX_LANGUAGE_STANDARD = "gnu++0x";
				CLANG_CXX_LIBRARY = "libc++";
				CLANG_ENABLE_MODULES = YES;
				CLANG_ENABLE_OBJC_ARC = YES;
				CLANG_WARN_BOOL_CONVERSION = YES;
				CLANG_WARN_CONSTANT_CONVERSION = YES;
				CLANG_WARN_DIRECT_OBJC_ISA_USAGE = YES_ERROR;
				CLANG_WARN_EMPTY_BODY = YES;
				CLANG_WARN_ENUM_CONVERSION = YES;
				CLANG_WARN_INT_CONVERSION = YES;
				CLANG_WARN_OBJC_ROOT_CLASS = YES_ERROR;
				CLANG_WARN_UNREACHABLE_CODE = YES;
				CLANG_WARN__DUPLICATE_METHOD_MATCH = YES;
				CODE_SIGN_IDENTITY = "-";
				COPY_PHASE_STRIP = NO;
				DEBUG_INFORMATION_FORMAT = dwarf;
				ENABLE_STRICT_OBJC_MSGSEND = YES;
				ENABLE_TESTABILITY = YES;
				GCC_C_LANGUAGE_STANDARD = gnu99;
				GCC_DYNAMIC_NO_PIC = NO;
				GCC_NO_COMMON_BLOCKS = YES;
				GCC_OPTIMIZATION_LEVEL = 0;
				GCC_PREPROCESSOR_DEFINITIONS = (
					"DEBUG=1",
					"$(inherited)",
				);
				GCC_WARN_64_TO_32_BIT_CONVERSION = YES;
				GCC_WARN_ABOUT_RETURN_TYPE = YES_ERROR;
				GCC_WARN_UNDECLARED_SELECTOR = YES;
				GCC_WARN_UNINITIALIZED_AUTOS = YES_AGGRESSIVE;
				GCC_WARN_UNUSED_FUNCTION = YES;
				GCC_WARN_UNUSED_VARIABLE = YES;
				MACOSX_DEPLOYMENT_TARGET = 10.11;
				MTL_ENABLE_DEBUG_INFO = YES;
				ONLY_ACTIVE_ARCH = YES;
				SDKROOT = macosx;
				SWIFT_OPTIMIZATION_LEVEL = "-Onone";
			};
			name = Debug;
		};
		C22514531CF5A98D007E64EB /* Release */ = {
			isa = XCBuildConfiguration;
			buildSettings = {
				ALWAYS_SEARCH_USER_PATHS = NO;
				CLANG_ANALYZER_NONNULL = YES;
				CLANG_CXX_LANGUAGE_STANDARD = "gnu++0x";
				CLANG_CXX_LIBRARY = "libc++";
				CLANG_ENABLE_MODULES = YES;
				CLANG_ENABLE_OBJC_ARC = YES;
				CLANG_WARN_BOOL_CONVERSION = YES;
				CLANG_WARN_CONSTANT_CONVERSION = YES;
				CLANG_WARN_DIRECT_OBJC_ISA_USAGE = YES_ERROR;
				CLANG_WARN_EMPTY_BODY = YES;
				CLANG_WARN_ENUM_CONVERSION = YES;
				CLANG_WARN_INT_CONVERSION = YES;
				CLANG_WARN_OBJC_ROOT_CLASS = YES_ERROR;
				CLANG_WARN_UNREACHABLE_CODE = YES;
				CLANG_WARN__DUPLICATE_METHOD_MATCH = YES;
				CODE_SIGN_IDENTITY = "-";
				COPY_PHASE_STRIP = NO;
				DEBUG_INFORMATION_FORMAT = "dwarf-with-dsym";
				ENABLE_NS_ASSERTIONS = NO;
				ENABLE_STRICT_OBJC_MSGSEND = YES;
				GCC_C_LANGUAGE_STANDARD = gnu99;
				GCC_NO_COMMON_BLOCKS = YES;
				GCC_WARN_64_TO_32_BIT_CONVERSION = YES;
				GCC_WARN_ABOUT_RETURN_TYPE = YES_ERROR;
				GCC_WARN_UNDECLARED_SELECTOR = YES;
				GCC_WARN_UNINITIALIZED_AUTOS = YES_AGGRESSIVE;
				GCC_WARN_UNUSED_FUNCTION = YES;
				GCC_WARN_UNUSED_VARIABLE = YES;
				MACOSX_DEPLOYMENT_TARGET = 10.11;
				MTL_ENABLE_DEBUG_INFO = NO;
				SDKROOT = macosx;
			};
			name = Release;
		};
		C22514551CF5A98D007E64EB /* Debug */ = {
			isa = XCBuildConfiguration;
			baseConfigurationReference = FBFE0022B396C819784C8F48 /* Pods-RealmSyncServer.debug.xcconfig */;
			buildSettings = {
				ASSETCATALOG_COMPILER_APPICON_NAME = AppIcon;
				CLANG_ENABLE_MODULES = YES;
				CODE_SIGN_ENTITLEMENTS = "Supporting Files/Realm Sync Server.entitlements";
				CODE_SIGN_IDENTITY = "-";
				COMBINE_HIDPI_IMAGES = YES;
				INFOPLIST_FILE = "$(SRCROOT)/Resources/Info.plist";
				LD_RUNPATH_SEARCH_PATHS = "$(inherited) @executable_path/../Frameworks";
				PRODUCT_BUNDLE_IDENTIFIER = "io.realm.realm-sync-server";
				PRODUCT_NAME = "Realm Sync Server";
				SWIFT_OBJC_BRIDGING_HEADER = "Supporting Files/RealmSyncServer-Bridging-Header.h";
				SWIFT_OPTIMIZATION_LEVEL = "-Onone";
			};
			name = Debug;
		};
		C22514561CF5A98D007E64EB /* Release */ = {
			isa = XCBuildConfiguration;
			baseConfigurationReference = 1A9DC1BEED772C38CE484E50 /* Pods-RealmSyncServer.release.xcconfig */;
			buildSettings = {
				ASSETCATALOG_COMPILER_APPICON_NAME = AppIcon;
				CLANG_ENABLE_MODULES = YES;
				CODE_SIGN_ENTITLEMENTS = "Supporting Files/Realm Sync Server.entitlements";
				CODE_SIGN_IDENTITY = "-";
				COMBINE_HIDPI_IMAGES = YES;
				INFOPLIST_FILE = "$(SRCROOT)/Resources/Info.plist";
				LD_RUNPATH_SEARCH_PATHS = "$(inherited) @executable_path/../Frameworks";
				PRODUCT_BUNDLE_IDENTIFIER = "io.realm.realm-sync-server";
				PRODUCT_NAME = "Realm Sync Server";
				SWIFT_OBJC_BRIDGING_HEADER = "Supporting Files/RealmSyncServer-Bridging-Header.h";
			};
			name = Release;
		};
		C22514581CF5A98D007E64EB /* Debug */ = {
			isa = XCBuildConfiguration;
			buildSettings = {
				BUNDLE_LOADER = "$(TEST_HOST)";
				COMBINE_HIDPI_IMAGES = YES;
				INFOPLIST_FILE = RealmSyncServerTests/Info.plist;
				LD_RUNPATH_SEARCH_PATHS = "$(inherited) @executable_path/../Frameworks @loader_path/../Frameworks";
				PRODUCT_BUNDLE_IDENTIFIER = io.realm.RealmSyncServerTests;
				PRODUCT_NAME = "$(TARGET_NAME)";
				TEST_HOST = "$(BUILT_PRODUCTS_DIR)/RealmSyncServer.app/Contents/MacOS/RealmSyncServer";
			};
			name = Debug;
		};
		C22514591CF5A98D007E64EB /* Release */ = {
			isa = XCBuildConfiguration;
			buildSettings = {
				BUNDLE_LOADER = "$(TEST_HOST)";
				COMBINE_HIDPI_IMAGES = YES;
				INFOPLIST_FILE = RealmSyncServerTests/Info.plist;
				LD_RUNPATH_SEARCH_PATHS = "$(inherited) @executable_path/../Frameworks @loader_path/../Frameworks";
				PRODUCT_BUNDLE_IDENTIFIER = io.realm.RealmSyncServerTests;
				PRODUCT_NAME = "$(TARGET_NAME)";
				TEST_HOST = "$(BUILT_PRODUCTS_DIR)/RealmSyncServer.app/Contents/MacOS/RealmSyncServer";
			};
			name = Release;
		};
		C225145B1CF5A98D007E64EB /* Debug */ = {
			isa = XCBuildConfiguration;
			buildSettings = {
				COMBINE_HIDPI_IMAGES = YES;
				INFOPLIST_FILE = RealmSyncServerUITests/Info.plist;
				LD_RUNPATH_SEARCH_PATHS = "$(inherited) @executable_path/../Frameworks @loader_path/../Frameworks";
				PRODUCT_BUNDLE_IDENTIFIER = io.realm.RealmSyncServerUITests;
				PRODUCT_NAME = "$(TARGET_NAME)";
				TEST_TARGET_NAME = RealmSyncServer;
			};
			name = Debug;
		};
		C225145C1CF5A98D007E64EB /* Release */ = {
			isa = XCBuildConfiguration;
			buildSettings = {
				COMBINE_HIDPI_IMAGES = YES;
				INFOPLIST_FILE = RealmSyncServerUITests/Info.plist;
				LD_RUNPATH_SEARCH_PATHS = "$(inherited) @executable_path/../Frameworks @loader_path/../Frameworks";
				PRODUCT_BUNDLE_IDENTIFIER = io.realm.RealmSyncServerUITests;
				PRODUCT_NAME = "$(TARGET_NAME)";
				TEST_TARGET_NAME = RealmSyncServer;
			};
			name = Release;
		};
/* End XCBuildConfiguration section */

/* Begin XCConfigurationList section */
		C225142A1CF5A98D007E64EB /* Build configuration list for PBXProject "RealmSyncServer" */ = {
			isa = XCConfigurationList;
			buildConfigurations = (
				C22514521CF5A98D007E64EB /* Debug */,
				C22514531CF5A98D007E64EB /* Release */,
			);
			defaultConfigurationIsVisible = 0;
			defaultConfigurationName = Release;
		};
		C22514541CF5A98D007E64EB /* Build configuration list for PBXNativeTarget "RealmSyncServer" */ = {
			isa = XCConfigurationList;
			buildConfigurations = (
				C22514551CF5A98D007E64EB /* Debug */,
				C22514561CF5A98D007E64EB /* Release */,
			);
			defaultConfigurationIsVisible = 0;
			defaultConfigurationName = Release;
		};
		C22514571CF5A98D007E64EB /* Build configuration list for PBXNativeTarget "RealmSyncServerTests" */ = {
			isa = XCConfigurationList;
			buildConfigurations = (
				C22514581CF5A98D007E64EB /* Debug */,
				C22514591CF5A98D007E64EB /* Release */,
			);
			defaultConfigurationIsVisible = 0;
			defaultConfigurationName = Release;
		};
		C225145A1CF5A98D007E64EB /* Build configuration list for PBXNativeTarget "RealmSyncServerUITests" */ = {
			isa = XCConfigurationList;
			buildConfigurations = (
				C225145B1CF5A98D007E64EB /* Debug */,
				C225145C1CF5A98D007E64EB /* Release */,
			);
			defaultConfigurationIsVisible = 0;
			defaultConfigurationName = Release;
		};
/* End XCConfigurationList section */
	};
	rootObject = C22514271CF5A98D007E64EB /* Project object */;
}
