PODS:
  - AppSandboxFileAccess (1.0.14)
  - CSwiftV (0.0.5)
  - PathKit (0.6.0)
  - Realm (0.101.0):
    - Realm/Headers (= 0.101.0)
  - Realm/Headers (0.101.0)
  - RealmConverter (0.1.1):
    - CSwiftV
    - PathKit
    - Realm
    - TGSpreadsheetWriter
  - SSZipArchive (1.2)
  - TGSpreadsheetWriter (1.0.2):
    - SSZipArchive

DEPENDENCIES:
  - AppSandboxFileAccess
  - Realm (from `https://github.com/realm/realm-cocoa-private.git`, branch `jp-download-sync-binary`)
  - RealmConverter

EXTERNAL SOURCES:
  Realm:
    :branch: jp-download-sync-binary
    :git: https://github.com/realm/realm-cocoa-private.git

CHECKOUT OPTIONS:
  Realm:
    :commit: 59bfc344a464dce6642685c8dd4bbbffb66e9da1
    :git: https://github.com/realm/realm-cocoa-private.git

SPEC CHECKSUMS:
  AppSandboxFileAccess: f3e10b0ba10bbaa6dc6996639ff47836050329c5
  CSwiftV: 2560532e2e5b04d95c36b0f49a8dc745071fa525
  PathKit: b224b6d2c4e75b87f08f45e1c0c610a3195c94e5
  Realm: b21596d6d7e1c054f6fae967d27263d2593ca309
  RealmConverter: 8511fcc8f7c18c813bb36d52fc6197f305b21557
  SSZipArchive: 251093c65f98d6ea282c50bc404bfa631d9fd721
  TGSpreadsheetWriter: 09bbb2c18a111a11c94ff9c1af2320e2530c958e

PODFILE CHECKSUM: 03bda066846646767cb23244cfa83a8394e4272e

COCOAPODS: 1.0.0
