PODS:
  - AppSandboxFileAccess (1.0.14)
  - Realm (0.98.3):
    - Realm/Headers (= 0.98.3)
  - Realm/Headers (0.98.3)

DEPENDENCIES:
  - AppSandboxFileAccess
  - Realm

SPEC CHECKSUMS:
  AppSandboxFileAccess: f3e10b0ba10bbaa6dc6996639ff47836050329c5
  Realm: c6a7d00221a2d5177810a674aebd40c5e0b70b0f

COCOAPODS: 0.39.0
