// !$*UTF8*$!
{
	archiveVersion = 1;
	classes = {
	};
	objectVersion = 46;
	objects = {

/* Begin PBXBuildFile section */
		22096B2719911F7300233D77 /* RLMBadgeTableCellView.m in Sources */ = {isa = PBXBuildFile; fileRef = 22096B2619911F7300233D77 /* RLMBadgeTableCellView.m */; };
		220D382819B639D700F79496 /* RLMTestDataGenerator.m in Sources */ = {isa = PBXBuildFile; fileRef = 220D382719B639D700F79496 /* RLMTestDataGenerator.m */; };
		221322FA19954AB100D25737 /* RLMImageTableCellView.m in Sources */ = {isa = PBXBuildFile; fileRef = 221322F919954AB100D25737 /* RLMImageTableCellView.m */; };
		221322FD19954B0A00D25737 /* RLMTableCellView.m in Sources */ = {isa = PBXBuildFile; fileRef = 221322FC19954B0A00D25737 /* RLMTableCellView.m */; };
		2234B66B1CF83CEB00EAFDF0 /* NSURLComponents+FragmentItems.m in Sources */ = {isa = PBXBuildFile; fileRef = 2234B66A1CF83CEB00EAFDF0 /* NSURLComponents+FragmentItems.m */; };
		2234B6711CF83FBA00EAFDF0 /* RLMBrowserConstants.m in Sources */ = {isa = PBXBuildFile; fileRef = 2234B6701CF83FBA00EAFDF0 /* RLMBrowserConstants.m */; };
		2249D9B219A62EBD00A31104 /* RLMTableColumn.m in Sources */ = {isa = PBXBuildFile; fileRef = 2249D9B119A62EBD00A31104 /* RLMTableColumn.m */; };
		225443F519E3E6360045996B /* RLMTableHeaderCell.m in Sources */ = {isa = PBXBuildFile; fileRef = 225443F419E3E6360045996B /* RLMTableHeaderCell.m */; };
		22565D6719C1BCF400C8C8EC /* RLMLinkTableCellView.m in Sources */ = {isa = PBXBuildFile; fileRef = 22565D6619C1BCF400C8C8EC /* RLMLinkTableCellView.m */; };
		2257869E1BD563A00012436A /* RLMEncryptionKeyWindowController.m in Sources */ = {isa = PBXBuildFile; fileRef = 2257869D1BD563A00012436A /* RLMEncryptionKeyWindowController.m */; };
		225786A11BD564F40012436A /* EncryptionKeyWindow.xib in Resources */ = {isa = PBXBuildFile; fileRef = 2257869F1BD564F40012436A /* EncryptionKeyWindow.xib */; };
		228D1F871A1CAD660028562A /* RLMResultsNode.m in Sources */ = {isa = PBXBuildFile; fileRef = 228D1F861A1CAD660028562A /* RLMResultsNode.m */; };
		22A55FEB19D18BA8009178BC /* RLMObjectNode.m in Sources */ = {isa = PBXBuildFile; fileRef = 22A55FEA19D18BA8009178BC /* RLMObjectNode.m */; };
		22A55FF119D19842009178BC /* RLMDescriptions.m in Sources */ = {isa = PBXBuildFile; fileRef = 22A55FF019D19842009178BC /* RLMDescriptions.m */; };
		22D2863B1B6BE6BA0078D07D /* FormatIcon.icns in Resources */ = {isa = PBXBuildFile; fileRef = 22D2863A1B6BE6BA0078D07D /* FormatIcon.icns */; };
		22D28EA71993AAAB00497FD3 /* RLMNumberTableCellView.m in Sources */ = {isa = PBXBuildFile; fileRef = 22D28EA61993AAAB00497FD3 /* RLMNumberTableCellView.m */; };
		22D3AC8A19CC5D710042C1B2 /* RLMModelExporter.m in Sources */ = {isa = PBXBuildFile; fileRef = 22D3AC8919CC5D710042C1B2 /* RLMModelExporter.m */; };
		22D9367D1BDC64CD0032DFFE /* RLMAlert.m in Sources */ = {isa = PBXBuildFile; fileRef = 22D9367C1BDC64CD0032DFFE /* RLMAlert.m */; };
		22DC87E61B98086D0024BA34 /* RLMExportIndicatorWindowController.m in Sources */ = {isa = PBXBuildFile; fileRef = 22DC87E51B98086D0024BA34 /* RLMExportIndicatorWindowController.m */; };
		22DC87E81B9808790024BA34 /* RLMExportIndicatorWindowController.xib in Resources */ = {isa = PBXBuildFile; fileRef = 22DC87E71B9808790024BA34 /* RLMExportIndicatorWindowController.xib */; };
		22E098741B17005700F72AF1 /* libc++.dylib in Frameworks */ = {isa = PBXBuildFile; fileRef = 844C34DE19473D9D0027E902 /* libc++.dylib */; };
		22E4737219924CF700EEF7C9 /* RLMBasicTableCellView.m in Sources */ = {isa = PBXBuildFile; fileRef = 22E4737119924CF700EEF7C9 /* RLMBasicTableCellView.m */; };
		22E473791992562400EEF7C9 /* RLMBoolTableCellView.m in Sources */ = {isa = PBXBuildFile; fileRef = 22E473781992562400EEF7C9 /* RLMBoolTableCellView.m */; };
		3615BDB6196FA8BF00E1AE3F /* RLMQueryNavigationState.m in Sources */ = {isa = PBXBuildFile; fileRef = 3615BDB5196FA8BF00E1AE3F /* RLMQueryNavigationState.m */; };
		36B669CB1B8B057F00F04AE1 /* RLMObjectLinkSelectionViewController.xib in Resources */ = {isa = PBXBuildFile; fileRef = 36B669CA1B8B057F00F04AE1 /* RLMObjectLinkSelectionViewController.xib */; };
		36B669CE1B8B096A00F04AE1 /* RLMObjectLinkSelectionViewController.m in Sources */ = {isa = PBXBuildFile; fileRef = 36B669CD1B8B096A00F04AE1 /* RLMObjectLinkSelectionViewController.m */; };
		840F97C0192B7DCE006B591E /* RLMDocument.m in Sources */ = {isa = PBXBuildFile; fileRef = 840F97BF192B7DCE006B591E /* RLMDocument.m */; };
		84446534195891AA00CEEA5B /* RLMViewController.m in Sources */ = {isa = PBXBuildFile; fileRef = 84446533195891AA00CEEA5B /* RLMViewController.m */; };
		844C34E3194859080027E902 /* TestClasses.m in Sources */ = {isa = PBXBuildFile; fileRef = 844C34E2194859080027E902 /* TestClasses.m */; };
		8457294D1962E3860076D4F1 /* RLMTableView.m in Sources */ = {isa = PBXBuildFile; fileRef = 8457294C1962E3860076D4F1 /* RLMTableView.m */; };
		8474E2B419544D8000BCA755 /* RLMTypeOutlineViewController.m in Sources */ = {isa = PBXBuildFile; fileRef = 8474E2B319544D8000BCA755 /* RLMTypeOutlineViewController.m */; };
		8474E2BD195452BE00BCA755 /* RLMInstanceTableViewController.m in Sources */ = {isa = PBXBuildFile; fileRef = 8474E2BC195452BE00BCA755 /* RLMInstanceTableViewController.m */; };
		84754ABE193CA4600093604E /* RLMRealmBrowserWindowController.m in Sources */ = {isa = PBXBuildFile; fileRef = 84754ABD193CA4600093604E /* RLMRealmBrowserWindowController.m */; };
		84925C61195AD5B000EE27B1 /* NSColor+ByteSizeFactory.m in Sources */ = {isa = PBXBuildFile; fileRef = 84925C60195AD5B000EE27B1 /* NSColor+ByteSizeFactory.m */; };
		84925C67195AE9AD00EE27B1 /* RLMSidebarTableCellView.m in Sources */ = {isa = PBXBuildFile; fileRef = 84925C66195AE9AD00EE27B1 /* RLMSidebarTableCellView.m */; };
		84A34A4F192E19C5005D6CC4 /* RLMApplicationDelegate.m in Sources */ = {isa = PBXBuildFile; fileRef = 84A34A4E192E19C5005D6CC4 /* RLMApplicationDelegate.m */; };
		84AA41A91949C99800A50F03 /* RLMTypeNode.m in Sources */ = {isa = PBXBuildFile; fileRef = 84AA41A81949C99800A50F03 /* RLMTypeNode.m */; };
		84AA41B01949CD7700A50F03 /* RLMArrayNode.m in Sources */ = {isa = PBXBuildFile; fileRef = 84AA41AF1949CD7700A50F03 /* RLMArrayNode.m */; };
		84D7990B19388E8900FC76A0 /* RLMClassNode.m in Sources */ = {isa = PBXBuildFile; fileRef = 84D7990519388E8900FC76A0 /* RLMClassNode.m */; };
		84D7990C19388E8900FC76A0 /* RLMClassProperty.m in Sources */ = {isa = PBXBuildFile; fileRef = 84D7990719388E8900FC76A0 /* RLMClassProperty.m */; };
		84D7990D19388E8900FC76A0 /* RLMRealmNode.m in Sources */ = {isa = PBXBuildFile; fileRef = 84D7990919388E8900FC76A0 /* RLMRealmNode.m */; };
		84E0F9501921F3B900D6CA14 /* Cocoa.framework in Frameworks */ = {isa = PBXBuildFile; fileRef = 84E0F94F1921F3B900D6CA14 /* Cocoa.framework */; };
		84E0F95A1921F3B900D6CA14 /* InfoPlist.strings in Resources */ = {isa = PBXBuildFile; fileRef = 84E0F9581921F3B900D6CA14 /* InfoPlist.strings */; };
		84E0F95C1921F3B900D6CA14 /* main.m in Sources */ = {isa = PBXBuildFile; fileRef = 84E0F95B1921F3B900D6CA14 /* main.m */; };
		84E0F9601921F3B900D6CA14 /* Credits.rtf in Resources */ = {isa = PBXBuildFile; fileRef = 84E0F95E1921F3B900D6CA14 /* Credits.rtf */; };
		84E0F9661921F3B900D6CA14 /* RLMDocument.xib in Resources */ = {isa = PBXBuildFile; fileRef = 84E0F9641921F3B900D6CA14 /* RLMDocument.xib */; };
		84E0F9691921F3B900D6CA14 /* MainMenu.xib in Resources */ = {isa = PBXBuildFile; fileRef = 84E0F9671921F3B900D6CA14 /* MainMenu.xib */; };
		84E0F96B1921F3B900D6CA14 /* Images.xcassets in Resources */ = {isa = PBXBuildFile; fileRef = 84E0F96A1921F3B900D6CA14 /* Images.xcassets */; };
		84E0F9721921F3B900D6CA14 /* XCTest.framework in Frameworks */ = {isa = PBXBuildFile; fileRef = 84E0F9711921F3B900D6CA14 /* XCTest.framework */; };
		84E0F9731921F3B900D6CA14 /* Cocoa.framework in Frameworks */ = {isa = PBXBuildFile; fileRef = 84E0F94F1921F3B900D6CA14 /* Cocoa.framework */; };
		84E0F97B1921F3B900D6CA14 /* InfoPlist.strings in Resources */ = {isa = PBXBuildFile; fileRef = 84E0F9791921F3B900D6CA14 /* InfoPlist.strings */; };
		84E0F97D1921F3B900D6CA14 /* RealmBrowserTests.m in Sources */ = {isa = PBXBuildFile; fileRef = 84E0F97C1921F3B900D6CA14 /* RealmBrowserTests.m */; };
		84E35A42196A9F3B007F0344 /* RLMNavigationState.m in Sources */ = {isa = PBXBuildFile; fileRef = 84E35A41196A9F3B007F0344 /* RLMNavigationState.m */; };
		84E35A49196AD991007F0344 /* RLMNavigationStack.m in Sources */ = {isa = PBXBuildFile; fileRef = 84E35A48196AD991007F0344 /* RLMNavigationStack.m */; };
		84E35A4D196B021B007F0344 /* RLMArrayNavigationState.m in Sources */ = {isa = PBXBuildFile; fileRef = 84E35A4C196B021B007F0344 /* RLMArrayNavigationState.m */; };
		ADBD77D758972C8C68C6F371 /* (null) in Frameworks */ = {isa = PBXBuildFile; };
		E84EB8201A2FB7F500EB780E /* libc++.dylib in Frameworks */ = {isa = PBXBuildFile; fileRef = 844C34DE19473D9D0027E902 /* libc++.dylib */; };
		E84EB8291A2FC38C00EB780E /* RLMTestObjects.m in Sources */ = {isa = PBXBuildFile; fileRef = E84EB8281A2FC38C00EB780E /* RLMTestObjects.m */; };
		F57853F0E9C240FD283A4F8C /* Pods_RealmBrowser.framework in Frameworks */ = {isa = PBXBuildFile; fileRef = 88A0814FC1FBF4B1C1E4D428 /* Pods_RealmBrowser.framework */; };
/* End PBXBuildFile section */

/* Begin PBXContainerItemProxy section */
		E84EB8221A2FB94E00EB780E /* PBXContainerItemProxy */ = {
			isa = PBXContainerItemProxy;
			containerPortal = 84E0F9441921F3B900D6CA14 /* Project object */;
			proxyType = 1;
			remoteGlobalIDString = 84E0F94B1921F3B900D6CA14;
			remoteInfo = RealmBrowser;
		};
/* End PBXContainerItemProxy section */

/* Begin PBXCopyFilesBuildPhase section */
		22FAADC51C7C553200832102 /* Embed Frameworks */ = {
			isa = PBXCopyFilesBuildPhase;
			buildActionMask = 2147483647;
			dstPath = "";
			dstSubfolderSpec = 10;
			files = (
			);
			name = "Embed Frameworks";
			runOnlyForDeploymentPostprocessing = 0;
		};
/* End PBXCopyFilesBuildPhase section */

/* Begin PBXFileReference section */
		22096B2519911F7300233D77 /* RLMBadgeTableCellView.h */ = {isa = PBXFileReference; fileEncoding = 4; lastKnownFileType = sourcecode.c.h; path = RLMBadgeTableCellView.h; sourceTree = "<group>"; };
		22096B2619911F7300233D77 /* RLMBadgeTableCellView.m */ = {isa = PBXFileReference; fileEncoding = 4; lastKnownFileType = sourcecode.c.objc; path = RLMBadgeTableCellView.m; sourceTree = "<group>"; };
		220D382619B639D700F79496 /* RLMTestDataGenerator.h */ = {isa = PBXFileReference; fileEncoding = 4; lastKnownFileType = sourcecode.c.h; path = RLMTestDataGenerator.h; sourceTree = "<group>"; };
		220D382719B639D700F79496 /* RLMTestDataGenerator.m */ = {isa = PBXFileReference; fileEncoding = 4; lastKnownFileType = sourcecode.c.objc; path = RLMTestDataGenerator.m; sourceTree = "<group>"; };
		221322F819954AB100D25737 /* RLMImageTableCellView.h */ = {isa = PBXFileReference; fileEncoding = 4; lastKnownFileType = sourcecode.c.h; path = RLMImageTableCellView.h; sourceTree = "<group>"; };
		221322F919954AB100D25737 /* RLMImageTableCellView.m */ = {isa = PBXFileReference; fileEncoding = 4; lastKnownFileType = sourcecode.c.objc; path = RLMImageTableCellView.m; sourceTree = "<group>"; };
		221322FB19954B0A00D25737 /* RLMTableCellView.h */ = {isa = PBXFileReference; fileEncoding = 4; lastKnownFileType = sourcecode.c.h; path = RLMTableCellView.h; sourceTree = "<group>"; };
		221322FC19954B0A00D25737 /* RLMTableCellView.m */ = {isa = PBXFileReference; fileEncoding = 4; lastKnownFileType = sourcecode.c.objc; path = RLMTableCellView.m; sourceTree = "<group>"; };
		2234B6691CF83CEB00EAFDF0 /* NSURLComponents+FragmentItems.h */ = {isa = PBXFileReference; fileEncoding = 4; lastKnownFileType = sourcecode.c.h; path = "NSURLComponents+FragmentItems.h"; sourceTree = "<group>"; };
		2234B66A1CF83CEB00EAFDF0 /* NSURLComponents+FragmentItems.m */ = {isa = PBXFileReference; fileEncoding = 4; lastKnownFileType = sourcecode.c.objc; path = "NSURLComponents+FragmentItems.m"; sourceTree = "<group>"; };
		2234B66F1CF83FBA00EAFDF0 /* RLMBrowserConstants.h */ = {isa = PBXFileReference; fileEncoding = 4; lastKnownFileType = sourcecode.c.h; path = RLMBrowserConstants.h; sourceTree = "<group>"; };
		2234B6701CF83FBA00EAFDF0 /* RLMBrowserConstants.m */ = {isa = PBXFileReference; fileEncoding = 4; lastKnownFileType = sourcecode.c.objc; path = RLMBrowserConstants.m; sourceTree = "<group>"; };
		2249D9B019A62EBD00A31104 /* RLMTableColumn.h */ = {isa = PBXFileReference; fileEncoding = 4; lastKnownFileType = sourcecode.c.h; path = RLMTableColumn.h; sourceTree = "<group>"; };
		2249D9B119A62EBD00A31104 /* RLMTableColumn.m */ = {isa = PBXFileReference; fileEncoding = 4; lastKnownFileType = sourcecode.c.objc; path = RLMTableColumn.m; sourceTree = "<group>"; };
		225443F319E3E6360045996B /* RLMTableHeaderCell.h */ = {isa = PBXFileReference; fileEncoding = 4; lastKnownFileType = sourcecode.c.h; path = RLMTableHeaderCell.h; sourceTree = "<group>"; };
		225443F419E3E6360045996B /* RLMTableHeaderCell.m */ = {isa = PBXFileReference; fileEncoding = 4; lastKnownFileType = sourcecode.c.objc; path = RLMTableHeaderCell.m; sourceTree = "<group>"; };
		22565D6519C1BCF400C8C8EC /* RLMLinkTableCellView.h */ = {isa = PBXFileReference; fileEncoding = 4; lastKnownFileType = sourcecode.c.h; path = RLMLinkTableCellView.h; sourceTree = "<group>"; };
		22565D6619C1BCF400C8C8EC /* RLMLinkTableCellView.m */ = {isa = PBXFileReference; fileEncoding = 4; lastKnownFileType = sourcecode.c.objc; path = RLMLinkTableCellView.m; sourceTree = "<group>"; };
		2257869C1BD563A00012436A /* RLMEncryptionKeyWindowController.h */ = {isa = PBXFileReference; fileEncoding = 4; lastKnownFileType = sourcecode.c.h; path = RLMEncryptionKeyWindowController.h; sourceTree = "<group>"; };
		2257869D1BD563A00012436A /* RLMEncryptionKeyWindowController.m */ = {isa = PBXFileReference; fileEncoding = 4; lastKnownFileType = sourcecode.c.objc; path = RLMEncryptionKeyWindowController.m; sourceTree = "<group>"; };
		225786A01BD564F40012436A /* Base */ = {isa = PBXFileReference; lastKnownFileType = file.xib; name = Base; path = Base.lproj/EncryptionKeyWindow.xib; sourceTree = "<group>"; };
		228D1F851A1CAD660028562A /* RLMResultsNode.h */ = {isa = PBXFileReference; fileEncoding = 4; lastKnownFileType = sourcecode.c.h; path = RLMResultsNode.h; sourceTree = "<group>"; };
		228D1F861A1CAD660028562A /* RLMResultsNode.m */ = {isa = PBXFileReference; fileEncoding = 4; lastKnownFileType = sourcecode.c.objc; path = RLMResultsNode.m; sourceTree = "<group>"; };
		22A55FE919D18BA8009178BC /* RLMObjectNode.h */ = {isa = PBXFileReference; fileEncoding = 4; lastKnownFileType = sourcecode.c.h; path = RLMObjectNode.h; sourceTree = "<group>"; };
		22A55FEA19D18BA8009178BC /* RLMObjectNode.m */ = {isa = PBXFileReference; fileEncoding = 4; lastKnownFileType = sourcecode.c.objc; path = RLMObjectNode.m; sourceTree = "<group>"; };
		22A55FEF19D19842009178BC /* RLMDescriptions.h */ = {isa = PBXFileReference; fileEncoding = 4; lastKnownFileType = sourcecode.c.h; path = RLMDescriptions.h; sourceTree = "<group>"; };
		22A55FF019D19842009178BC /* RLMDescriptions.m */ = {isa = PBXFileReference; fileEncoding = 4; lastKnownFileType = sourcecode.c.objc; path = RLMDescriptions.m; sourceTree = "<group>"; };
		22D2863A1B6BE6BA0078D07D /* FormatIcon.icns */ = {isa = PBXFileReference; lastKnownFileType = image.icns; path = FormatIcon.icns; sourceTree = "<group>"; };
		22D28EA51993AAAB00497FD3 /* RLMNumberTableCellView.h */ = {isa = PBXFileReference; fileEncoding = 4; lastKnownFileType = sourcecode.c.h; path = RLMNumberTableCellView.h; sourceTree = "<group>"; };
		22D28EA61993AAAB00497FD3 /* RLMNumberTableCellView.m */ = {isa = PBXFileReference; fileEncoding = 4; lastKnownFileType = sourcecode.c.objc; path = RLMNumberTableCellView.m; sourceTree = "<group>"; };
		22D3AC8819CC5D710042C1B2 /* RLMModelExporter.h */ = {isa = PBXFileReference; fileEncoding = 4; lastKnownFileType = sourcecode.c.h; path = RLMModelExporter.h; sourceTree = "<group>"; };
		22D3AC8919CC5D710042C1B2 /* RLMModelExporter.m */ = {isa = PBXFileReference; fileEncoding = 4; lastKnownFileType = sourcecode.c.objc; path = RLMModelExporter.m; sourceTree = "<group>"; };
		22D5FF911B0DBCC30090CFE6 /* Realm Browser.entitlements */ = {isa = PBXFileReference; lastKnownFileType = text.xml; path = "Realm Browser.entitlements"; sourceTree = "<group>"; };
		22D9367B1BDC64CD0032DFFE /* RLMAlert.h */ = {isa = PBXFileReference; fileEncoding = 4; lastKnownFileType = sourcecode.c.h; path = RLMAlert.h; sourceTree = "<group>"; };
		22D9367C1BDC64CD0032DFFE /* RLMAlert.m */ = {isa = PBXFileReference; fileEncoding = 4; lastKnownFileType = sourcecode.c.objc; path = RLMAlert.m; sourceTree = "<group>"; };
		22DC87E41B98086D0024BA34 /* RLMExportIndicatorWindowController.h */ = {isa = PBXFileReference; fileEncoding = 4; lastKnownFileType = sourcecode.c.h; path = RLMExportIndicatorWindowController.h; sourceTree = "<group>"; };
		22DC87E51B98086D0024BA34 /* RLMExportIndicatorWindowController.m */ = {isa = PBXFileReference; fileEncoding = 4; lastKnownFileType = sourcecode.c.objc; path = RLMExportIndicatorWindowController.m; sourceTree = "<group>"; };
		22DC87E71B9808790024BA34 /* RLMExportIndicatorWindowController.xib */ = {isa = PBXFileReference; fileEncoding = 4; lastKnownFileType = file.xib; path = RLMExportIndicatorWindowController.xib; sourceTree = "<group>"; };
		22E4737019924CF700EEF7C9 /* RLMBasicTableCellView.h */ = {isa = PBXFileReference; fileEncoding = 4; lastKnownFileType = sourcecode.c.h; path = RLMBasicTableCellView.h; sourceTree = "<group>"; };
		22E4737119924CF700EEF7C9 /* RLMBasicTableCellView.m */ = {isa = PBXFileReference; fileEncoding = 4; lastKnownFileType = sourcecode.c.objc; path = RLMBasicTableCellView.m; sourceTree = "<group>"; };
		22E473771992562400EEF7C9 /* RLMBoolTableCellView.h */ = {isa = PBXFileReference; fileEncoding = 4; lastKnownFileType = sourcecode.c.h; path = RLMBoolTableCellView.h; sourceTree = "<group>"; };
		22E473781992562400EEF7C9 /* RLMBoolTableCellView.m */ = {isa = PBXFileReference; fileEncoding = 4; lastKnownFileType = sourcecode.c.objc; path = RLMBoolTableCellView.m; sourceTree = "<group>"; };
		3615BDB5196FA8BF00E1AE3F /* RLMQueryNavigationState.m */ = {isa = PBXFileReference; fileEncoding = 4; lastKnownFileType = sourcecode.c.objc; path = RLMQueryNavigationState.m; sourceTree = "<group>"; };
		3615BDB7196FA8E500E1AE3F /* RLMQueryNavigationState.h */ = {isa = PBXFileReference; fileEncoding = 4; lastKnownFileType = sourcecode.c.h; path = RLMQueryNavigationState.h; sourceTree = "<group>"; };
		36B669CA1B8B057F00F04AE1 /* RLMObjectLinkSelectionViewController.xib */ = {isa = PBXFileReference; fileEncoding = 4; lastKnownFileType = file.xib; path = RLMObjectLinkSelectionViewController.xib; sourceTree = "<group>"; };
		36B669CC1B8B096A00F04AE1 /* RLMObjectLinkSelectionViewController.h */ = {isa = PBXFileReference; fileEncoding = 4; lastKnownFileType = sourcecode.c.h; path = RLMObjectLinkSelectionViewController.h; sourceTree = "<group>"; };
		36B669CD1B8B096A00F04AE1 /* RLMObjectLinkSelectionViewController.m */ = {isa = PBXFileReference; fileEncoding = 4; lastKnownFileType = sourcecode.c.objc; path = RLMObjectLinkSelectionViewController.m; sourceTree = "<group>"; };
		840F97BE192B7DCE006B591E /* RLMDocument.h */ = {isa = PBXFileReference; fileEncoding = 4; lastKnownFileType = sourcecode.c.h; path = RLMDocument.h; sourceTree = "<group>"; };
		840F97BF192B7DCE006B591E /* RLMDocument.m */ = {isa = PBXFileReference; fileEncoding = 4; lastKnownFileType = sourcecode.c.objc; path = RLMDocument.m; sourceTree = "<group>"; };
		84446532195891AA00CEEA5B /* RLMViewController.h */ = {isa = PBXFileReference; fileEncoding = 4; lastKnownFileType = sourcecode.c.h; path = RLMViewController.h; sourceTree = "<group>"; };
		84446533195891AA00CEEA5B /* RLMViewController.m */ = {isa = PBXFileReference; fileEncoding = 4; lastKnownFileType = sourcecode.c.objc; path = RLMViewController.m; sourceTree = "<group>"; };
		844C34DE19473D9D0027E902 /* libc++.dylib */ = {isa = PBXFileReference; lastKnownFileType = "compiled.mach-o.dylib"; name = "libc++.dylib"; path = "usr/lib/libc++.dylib"; sourceTree = SDKROOT; };
		844C34E1194859080027E902 /* TestClasses.h */ = {isa = PBXFileReference; fileEncoding = 4; lastKnownFileType = sourcecode.c.h; path = TestClasses.h; sourceTree = "<group>"; };
		844C34E2194859080027E902 /* TestClasses.m */ = {isa = PBXFileReference; fileEncoding = 4; lastKnownFileType = sourcecode.c.objc; path = TestClasses.m; sourceTree = "<group>"; };
		8457294B1962E3860076D4F1 /* RLMTableView.h */ = {isa = PBXFileReference; fileEncoding = 4; lastKnownFileType = sourcecode.c.h; path = RLMTableView.h; sourceTree = "<group>"; };
		8457294C1962E3860076D4F1 /* RLMTableView.m */ = {isa = PBXFileReference; fileEncoding = 4; lastKnownFileType = sourcecode.c.objc; path = RLMTableView.m; sourceTree = "<group>"; };
		8474E2B219544D8000BCA755 /* RLMTypeOutlineViewController.h */ = {isa = PBXFileReference; fileEncoding = 4; lastKnownFileType = sourcecode.c.h; path = RLMTypeOutlineViewController.h; sourceTree = "<group>"; };
		8474E2B319544D8000BCA755 /* RLMTypeOutlineViewController.m */ = {isa = PBXFileReference; fileEncoding = 4; lastKnownFileType = sourcecode.c.objc; path = RLMTypeOutlineViewController.m; sourceTree = "<group>"; };
		8474E2BB195452BE00BCA755 /* RLMInstanceTableViewController.h */ = {isa = PBXFileReference; fileEncoding = 4; lastKnownFileType = sourcecode.c.h; path = RLMInstanceTableViewController.h; sourceTree = "<group>"; };
		8474E2BC195452BE00BCA755 /* RLMInstanceTableViewController.m */ = {isa = PBXFileReference; fileEncoding = 4; lastKnownFileType = sourcecode.c.objc; path = RLMInstanceTableViewController.m; sourceTree = "<group>"; };
		84754ABC193CA4600093604E /* RLMRealmBrowserWindowController.h */ = {isa = PBXFileReference; fileEncoding = 4; lastKnownFileType = sourcecode.c.h; path = RLMRealmBrowserWindowController.h; sourceTree = "<group>"; };
		84754ABD193CA4600093604E /* RLMRealmBrowserWindowController.m */ = {isa = PBXFileReference; fileEncoding = 4; lastKnownFileType = sourcecode.c.objc; path = RLMRealmBrowserWindowController.m; sourceTree = "<group>"; };
		84925C5F195AD5B000EE27B1 /* NSColor+ByteSizeFactory.h */ = {isa = PBXFileReference; fileEncoding = 4; lastKnownFileType = sourcecode.c.h; path = "NSColor+ByteSizeFactory.h"; sourceTree = "<group>"; };
		84925C60195AD5B000EE27B1 /* NSColor+ByteSizeFactory.m */ = {isa = PBXFileReference; fileEncoding = 4; lastKnownFileType = sourcecode.c.objc; path = "NSColor+ByteSizeFactory.m"; sourceTree = "<group>"; };
		84925C65195AE9AD00EE27B1 /* RLMSidebarTableCellView.h */ = {isa = PBXFileReference; fileEncoding = 4; lastKnownFileType = sourcecode.c.h; path = RLMSidebarTableCellView.h; sourceTree = "<group>"; };
		84925C66195AE9AD00EE27B1 /* RLMSidebarTableCellView.m */ = {isa = PBXFileReference; fileEncoding = 4; lastKnownFileType = sourcecode.c.objc; path = RLMSidebarTableCellView.m; sourceTree = "<group>"; };
		84A34A4D192E19C5005D6CC4 /* RLMApplicationDelegate.h */ = {isa = PBXFileReference; fileEncoding = 4; lastKnownFileType = sourcecode.c.h; path = RLMApplicationDelegate.h; sourceTree = "<group>"; };
		84A34A4E192E19C5005D6CC4 /* RLMApplicationDelegate.m */ = {isa = PBXFileReference; fileEncoding = 4; lastKnownFileType = sourcecode.c.objc; path = RLMApplicationDelegate.m; sourceTree = "<group>"; };
		84AA41A71949C99800A50F03 /* RLMTypeNode.h */ = {isa = PBXFileReference; fileEncoding = 4; lastKnownFileType = sourcecode.c.h; path = RLMTypeNode.h; sourceTree = "<group>"; };
		84AA41A81949C99800A50F03 /* RLMTypeNode.m */ = {isa = PBXFileReference; fileEncoding = 4; lastKnownFileType = sourcecode.c.objc; path = RLMTypeNode.m; sourceTree = "<group>"; };
		84AA41AE1949CD7700A50F03 /* RLMArrayNode.h */ = {isa = PBXFileReference; fileEncoding = 4; lastKnownFileType = sourcecode.c.h; path = RLMArrayNode.h; sourceTree = "<group>"; };
		84AA41AF1949CD7700A50F03 /* RLMArrayNode.m */ = {isa = PBXFileReference; fileEncoding = 4; lastKnownFileType = sourcecode.c.objc; path = RLMArrayNode.m; sourceTree = "<group>"; };
		84D7990419388E8900FC76A0 /* RLMClassNode.h */ = {isa = PBXFileReference; fileEncoding = 4; lastKnownFileType = sourcecode.c.h; path = RLMClassNode.h; sourceTree = "<group>"; };
		84D7990519388E8900FC76A0 /* RLMClassNode.m */ = {isa = PBXFileReference; fileEncoding = 4; lastKnownFileType = sourcecode.c.objc; path = RLMClassNode.m; sourceTree = "<group>"; };
		84D7990619388E8900FC76A0 /* RLMClassProperty.h */ = {isa = PBXFileReference; fileEncoding = 4; lastKnownFileType = sourcecode.c.h; path = RLMClassProperty.h; sourceTree = "<group>"; };
		84D7990719388E8900FC76A0 /* RLMClassProperty.m */ = {isa = PBXFileReference; fileEncoding = 4; lastKnownFileType = sourcecode.c.objc; path = RLMClassProperty.m; sourceTree = "<group>"; };
		84D7990819388E8900FC76A0 /* RLMRealmNode.h */ = {isa = PBXFileReference; fileEncoding = 4; lastKnownFileType = sourcecode.c.h; path = RLMRealmNode.h; sourceTree = "<group>"; };
		84D7990919388E8900FC76A0 /* RLMRealmNode.m */ = {isa = PBXFileReference; fileEncoding = 4; lastKnownFileType = sourcecode.c.objc; path = RLMRealmNode.m; sourceTree = "<group>"; };
		84D7990A19388E8900FC76A0 /* RLMRealmOutlineNode.h */ = {isa = PBXFileReference; fileEncoding = 4; lastKnownFileType = sourcecode.c.h; path = RLMRealmOutlineNode.h; sourceTree = "<group>"; };
		84E0F94C1921F3B900D6CA14 /* Realm Browser.app */ = {isa = PBXFileReference; explicitFileType = wrapper.application; includeInIndex = 0; path = "Realm Browser.app"; sourceTree = BUILT_PRODUCTS_DIR; };
		84E0F94F1921F3B900D6CA14 /* Cocoa.framework */ = {isa = PBXFileReference; lastKnownFileType = wrapper.framework; name = Cocoa.framework; path = System/Library/Frameworks/Cocoa.framework; sourceTree = SDKROOT; };
		84E0F9521921F3B900D6CA14 /* AppKit.framework */ = {isa = PBXFileReference; lastKnownFileType = wrapper.framework; name = AppKit.framework; path = System/Library/Frameworks/AppKit.framework; sourceTree = SDKROOT; };
		84E0F9541921F3B900D6CA14 /* Foundation.framework */ = {isa = PBXFileReference; lastKnownFileType = wrapper.framework; name = Foundation.framework; path = System/Library/Frameworks/Foundation.framework; sourceTree = SDKROOT; };
		84E0F9571921F3B900D6CA14 /* RealmBrowser-Info.plist */ = {isa = PBXFileReference; lastKnownFileType = text.plist.xml; path = "RealmBrowser-Info.plist"; sourceTree = "<group>"; };
		84E0F9591921F3B900D6CA14 /* en */ = {isa = PBXFileReference; lastKnownFileType = text.plist.strings; name = en; path = en.lproj/InfoPlist.strings; sourceTree = "<group>"; };
		84E0F95B1921F3B900D6CA14 /* main.m */ = {isa = PBXFileReference; lastKnownFileType = sourcecode.c.objc; path = main.m; sourceTree = "<group>"; };
		84E0F95D1921F3B900D6CA14 /* RealmBrowser-Prefix.pch */ = {isa = PBXFileReference; lastKnownFileType = sourcecode.c.h; path = "RealmBrowser-Prefix.pch"; sourceTree = "<group>"; };
		84E0F95F1921F3B900D6CA14 /* en */ = {isa = PBXFileReference; lastKnownFileType = text.rtf; name = en; path = en.lproj/Credits.rtf; sourceTree = "<group>"; };
		84E0F9651921F3B900D6CA14 /* Base */ = {isa = PBXFileReference; lastKnownFileType = file.xib; name = Base; path = Base.lproj/RLMDocument.xib; sourceTree = "<group>"; };
		84E0F9681921F3B900D6CA14 /* Base */ = {isa = PBXFileReference; lastKnownFileType = file.xib; name = Base; path = Base.lproj/MainMenu.xib; sourceTree = "<group>"; };
		84E0F96A1921F3B900D6CA14 /* Images.xcassets */ = {isa = PBXFileReference; lastKnownFileType = folder.assetcatalog; path = Images.xcassets; sourceTree = "<group>"; };
		84E0F9701921F3B900D6CA14 /* RealmBrowserTests.xctest */ = {isa = PBXFileReference; explicitFileType = wrapper.cfbundle; includeInIndex = 0; path = RealmBrowserTests.xctest; sourceTree = BUILT_PRODUCTS_DIR; };
		84E0F9711921F3B900D6CA14 /* XCTest.framework */ = {isa = PBXFileReference; lastKnownFileType = wrapper.framework; name = XCTest.framework; path = Library/Frameworks/XCTest.framework; sourceTree = DEVELOPER_DIR; };
		84E0F9781921F3B900D6CA14 /* RealmBrowserTests-Info.plist */ = {isa = PBXFileReference; lastKnownFileType = text.plist.xml; path = "RealmBrowserTests-Info.plist"; sourceTree = "<group>"; };
		84E0F97A1921F3B900D6CA14 /* en */ = {isa = PBXFileReference; lastKnownFileType = text.plist.strings; name = en; path = en.lproj/InfoPlist.strings; sourceTree = "<group>"; };
		84E0F97C1921F3B900D6CA14 /* RealmBrowserTests.m */ = {isa = PBXFileReference; lastKnownFileType = sourcecode.c.objc; path = RealmBrowserTests.m; sourceTree = "<group>"; };
		84E35A40196A9F3B007F0344 /* RLMNavigationState.h */ = {isa = PBXFileReference; fileEncoding = 4; lastKnownFileType = sourcecode.c.h; path = RLMNavigationState.h; sourceTree = "<group>"; };
		84E35A41196A9F3B007F0344 /* RLMNavigationState.m */ = {isa = PBXFileReference; fileEncoding = 4; lastKnownFileType = sourcecode.c.objc; path = RLMNavigationState.m; sourceTree = "<group>"; };
		84E35A47196AD991007F0344 /* RLMNavigationStack.h */ = {isa = PBXFileReference; fileEncoding = 4; lastKnownFileType = sourcecode.c.h; path = RLMNavigationStack.h; sourceTree = "<group>"; };
		84E35A48196AD991007F0344 /* RLMNavigationStack.m */ = {isa = PBXFileReference; fileEncoding = 4; lastKnownFileType = sourcecode.c.objc; path = RLMNavigationStack.m; sourceTree = "<group>"; };
		84E35A4B196B021B007F0344 /* RLMArrayNavigationState.h */ = {isa = PBXFileReference; fileEncoding = 4; lastKnownFileType = sourcecode.c.h; path = RLMArrayNavigationState.h; sourceTree = "<group>"; };
		84E35A4C196B021B007F0344 /* RLMArrayNavigationState.m */ = {isa = PBXFileReference; fileEncoding = 4; lastKnownFileType = sourcecode.c.objc; path = RLMArrayNavigationState.m; sourceTree = "<group>"; };
		88A0814FC1FBF4B1C1E4D428 /* Pods_RealmBrowser.framework */ = {isa = PBXFileReference; explicitFileType = wrapper.framework; includeInIndex = 0; path = Pods_RealmBrowser.framework; sourceTree = BUILT_PRODUCTS_DIR; };
		A4F4F093ABA4699B1D57AF0F /* Pods-RealmBrowser.release.xcconfig */ = {isa = PBXFileReference; includeInIndex = 1; lastKnownFileType = text.xcconfig; name = "Pods-RealmBrowser.release.xcconfig"; path = "Pods/Target Support Files/Pods-RealmBrowser/Pods-RealmBrowser.release.xcconfig"; sourceTree = "<group>"; };
		B4DD42CE427D384E8A7351A0 /* Pods.framework */ = {isa = PBXFileReference; explicitFileType = wrapper.framework; includeInIndex = 0; path = Pods.framework; sourceTree = BUILT_PRODUCTS_DIR; };
		B5A5F0615B6ED1995CD3051A /* Pods-RealmBrowser.debug.xcconfig */ = {isa = PBXFileReference; includeInIndex = 1; lastKnownFileType = text.xcconfig; name = "Pods-RealmBrowser.debug.xcconfig"; path = "Pods/Target Support Files/Pods-RealmBrowser/Pods-RealmBrowser.debug.xcconfig"; sourceTree = "<group>"; };
		E84EB8271A2FC38C00EB780E /* RLMTestObjects.h */ = {isa = PBXFileReference; fileEncoding = 4; lastKnownFileType = sourcecode.c.h; path = RLMTestObjects.h; sourceTree = "<group>"; };
		E84EB8281A2FC38C00EB780E /* RLMTestObjects.m */ = {isa = PBXFileReference; fileEncoding = 4; lastKnownFileType = sourcecode.c.objc; path = RLMTestObjects.m; sourceTree = "<group>"; };
/* End PBXFileReference section */

/* Begin PBXFrameworksBuildPhase section */
		84E0F9491921F3B900D6CA14 /* Frameworks */ = {
			isa = PBXFrameworksBuildPhase;
			buildActionMask = 2147483647;
			files = (
				84E0F9501921F3B900D6CA14 /* Cocoa.framework in Frameworks */,
				22E098741B17005700F72AF1 /* libc++.dylib in Frameworks */,
				F57853F0E9C240FD283A4F8C /* Pods_RealmBrowser.framework in Frameworks */,
			);
			runOnlyForDeploymentPostprocessing = 0;
		};
		84E0F96D1921F3B900D6CA14 /* Frameworks */ = {
			isa = PBXFrameworksBuildPhase;
			buildActionMask = 2147483647;
			files = (
				E84EB8201A2FB7F500EB780E /* libc++.dylib in Frameworks */,
				84E0F9731921F3B900D6CA14 /* Cocoa.framework in Frameworks */,
				84E0F9721921F3B900D6CA14 /* XCTest.framework in Frameworks */,
				ADBD77D758972C8C68C6F371 /* (null) in Frameworks */,
			);
			runOnlyForDeploymentPostprocessing = 0;
		};
/* End PBXFrameworksBuildPhase section */

/* Begin PBXGroup section */
		220A4F031C02E4DC00A32787 /* UI */ = {
			isa = PBXGroup;
			children = (
				2257869F1BD564F40012436A /* EncryptionKeyWindow.xib */,
				84E0F9671921F3B900D6CA14 /* MainMenu.xib */,
				84E0F9641921F3B900D6CA14 /* RLMDocument.xib */,
				22DC87E71B9808790024BA34 /* RLMExportIndicatorWindowController.xib */,
				36B669CA1B8B057F00F04AE1 /* RLMObjectLinkSelectionViewController.xib */,
			);
			path = UI;
			sourceTree = "<group>";
		};
		220A4F041C02E4EA00A32787 /* Icons */ = {
			isa = PBXGroup;
			children = (
				22D2863A1B6BE6BA0078D07D /* FormatIcon.icns */,
			);
			path = Icons;
			sourceTree = "<group>";
		};
		220A4F051C02E4FB00A32787 /* Documents */ = {
			isa = PBXGroup;
			children = (
				84E0F95E1921F3B900D6CA14 /* Credits.rtf */,
			);
			path = Documents;
			sourceTree = "<group>";
		};
		220A4F061C02E51B00A32787 /* Application */ = {
			isa = PBXGroup;
			children = (
				84A34A4D192E19C5005D6CC4 /* RLMApplicationDelegate.h */,
				84A34A4E192E19C5005D6CC4 /* RLMApplicationDelegate.m */,
			);
			path = Application;
			sourceTree = "<group>";
		};
		220A4F071C02E54E00A32787 /* Controllers */ = {
			isa = PBXGroup;
			children = (
				2257869C1BD563A00012436A /* RLMEncryptionKeyWindowController.h */,
				2257869D1BD563A00012436A /* RLMEncryptionKeyWindowController.m */,
				22DC87E41B98086D0024BA34 /* RLMExportIndicatorWindowController.h */,
				22DC87E51B98086D0024BA34 /* RLMExportIndicatorWindowController.m */,
				8474E2BB195452BE00BCA755 /* RLMInstanceTableViewController.h */,
				8474E2BC195452BE00BCA755 /* RLMInstanceTableViewController.m */,
				36B669CC1B8B096A00F04AE1 /* RLMObjectLinkSelectionViewController.h */,
				36B669CD1B8B096A00F04AE1 /* RLMObjectLinkSelectionViewController.m */,
				84754ABC193CA4600093604E /* RLMRealmBrowserWindowController.h */,
				84754ABD193CA4600093604E /* RLMRealmBrowserWindowController.m */,
				8474E2B219544D8000BCA755 /* RLMTypeOutlineViewController.h */,
				8474E2B319544D8000BCA755 /* RLMTypeOutlineViewController.m */,
				84446532195891AA00CEEA5B /* RLMViewController.h */,
				84446533195891AA00CEEA5B /* RLMViewController.m */,
			);
			path = Controllers;
			sourceTree = "<group>";
		};
		220A4F081C02E55700A32787 /* Views */ = {
			isa = PBXGroup;
			children = (
				22096B2519911F7300233D77 /* RLMBadgeTableCellView.h */,
				22096B2619911F7300233D77 /* RLMBadgeTableCellView.m */,
				22E4737019924CF700EEF7C9 /* RLMBasicTableCellView.h */,
				22E4737119924CF700EEF7C9 /* RLMBasicTableCellView.m */,
				22E473771992562400EEF7C9 /* RLMBoolTableCellView.h */,
				22E473781992562400EEF7C9 /* RLMBoolTableCellView.m */,
				221322F819954AB100D25737 /* RLMImageTableCellView.h */,
				221322F919954AB100D25737 /* RLMImageTableCellView.m */,
				22565D6519C1BCF400C8C8EC /* RLMLinkTableCellView.h */,
				22565D6619C1BCF400C8C8EC /* RLMLinkTableCellView.m */,
				22D28EA51993AAAB00497FD3 /* RLMNumberTableCellView.h */,
				22D28EA61993AAAB00497FD3 /* RLMNumberTableCellView.m */,
				84925C65195AE9AD00EE27B1 /* RLMSidebarTableCellView.h */,
				84925C66195AE9AD00EE27B1 /* RLMSidebarTableCellView.m */,
				221322FB19954B0A00D25737 /* RLMTableCellView.h */,
				221322FC19954B0A00D25737 /* RLMTableCellView.m */,
				225443F319E3E6360045996B /* RLMTableHeaderCell.h */,
				225443F419E3E6360045996B /* RLMTableHeaderCell.m */,
				8457294B1962E3860076D4F1 /* RLMTableView.h */,
				8457294C1962E3860076D4F1 /* RLMTableView.m */,
			);
			path = Views;
			sourceTree = "<group>";
		};
		220A4F091C02E55B00A32787 /* Support */ = {
			isa = PBXGroup;
			children = (
				2234B66F1CF83FBA00EAFDF0 /* RLMBrowserConstants.h */,
				2234B6701CF83FBA00EAFDF0 /* RLMBrowserConstants.m */,
				2234B6691CF83CEB00EAFDF0 /* NSURLComponents+FragmentItems.h */,
				2234B66A1CF83CEB00EAFDF0 /* NSURLComponents+FragmentItems.m */,
				84925C5F195AD5B000EE27B1 /* NSColor+ByteSizeFactory.h */,
				84925C60195AD5B000EE27B1 /* NSColor+ByteSizeFactory.m */,
				22D9367B1BDC64CD0032DFFE /* RLMAlert.h */,
				22D9367C1BDC64CD0032DFFE /* RLMAlert.m */,
				22A55FEF19D19842009178BC /* RLMDescriptions.h */,
				22A55FF019D19842009178BC /* RLMDescriptions.m */,
				22D3AC8819CC5D710042C1B2 /* RLMModelExporter.h */,
				22D3AC8919CC5D710042C1B2 /* RLMModelExporter.m */,
				220D382619B639D700F79496 /* RLMTestDataGenerator.h */,
				220D382719B639D700F79496 /* RLMTestDataGenerator.m */,
				844C34E1194859080027E902 /* TestClasses.h */,
				844C34E2194859080027E902 /* TestClasses.m */,
			);
			path = Support;
			sourceTree = "<group>";
		};
		220A4F0B1C02E59600A32787 /* Models */ = {
			isa = PBXGroup;
			children = (
				84E35A4B196B021B007F0344 /* RLMArrayNavigationState.h */,
				84E35A4C196B021B007F0344 /* RLMArrayNavigationState.m */,
				84AA41AE1949CD7700A50F03 /* RLMArrayNode.h */,
				84AA41AF1949CD7700A50F03 /* RLMArrayNode.m */,
				84D7990419388E8900FC76A0 /* RLMClassNode.h */,
				84D7990519388E8900FC76A0 /* RLMClassNode.m */,
				84D7990619388E8900FC76A0 /* RLMClassProperty.h */,
				84D7990719388E8900FC76A0 /* RLMClassProperty.m */,
				840F97BE192B7DCE006B591E /* RLMDocument.h */,
				840F97BF192B7DCE006B591E /* RLMDocument.m */,
				84E35A47196AD991007F0344 /* RLMNavigationStack.h */,
				84E35A48196AD991007F0344 /* RLMNavigationStack.m */,
				84E35A40196A9F3B007F0344 /* RLMNavigationState.h */,
				84E35A41196A9F3B007F0344 /* RLMNavigationState.m */,
				22A55FE919D18BA8009178BC /* RLMObjectNode.h */,
				22A55FEA19D18BA8009178BC /* RLMObjectNode.m */,
				3615BDB7196FA8E500E1AE3F /* RLMQueryNavigationState.h */,
				3615BDB5196FA8BF00E1AE3F /* RLMQueryNavigationState.m */,
				84D7990819388E8900FC76A0 /* RLMRealmNode.h */,
				84D7990919388E8900FC76A0 /* RLMRealmNode.m */,
				84D7990A19388E8900FC76A0 /* RLMRealmOutlineNode.h */,
				228D1F851A1CAD660028562A /* RLMResultsNode.h */,
				228D1F861A1CAD660028562A /* RLMResultsNode.m */,
				2249D9B019A62EBD00A31104 /* RLMTableColumn.h */,
				2249D9B119A62EBD00A31104 /* RLMTableColumn.m */,
				84AA41A71949C99800A50F03 /* RLMTypeNode.h */,
				84AA41A81949C99800A50F03 /* RLMTypeNode.m */,
			);
			path = Models;
			sourceTree = "<group>";
		};
		5D3FC7B97CB57DEEA34AD698 /* Pods */ = {
			isa = PBXGroup;
			children = (
				B5A5F0615B6ED1995CD3051A /* Pods-RealmBrowser.debug.xcconfig */,
				A4F4F093ABA4699B1D57AF0F /* Pods-RealmBrowser.release.xcconfig */,
			);
			name = Pods;
			sourceTree = "<group>";
		};
		84BCA5FE1951BC99008FC850 /* Resources */ = {
			isa = PBXGroup;
			children = (
				220A4F051C02E4FB00A32787 /* Documents */,
				220A4F041C02E4EA00A32787 /* Icons */,
				220A4F031C02E4DC00A32787 /* UI */,
				84E0F96A1921F3B900D6CA14 /* Images.xcassets */,
			);
			path = Resources;
			sourceTree = "<group>";
		};
		84E0F9431921F3B900D6CA14 = {
			isa = PBXGroup;
			children = (
				84E0F9551921F3B900D6CA14 /* RealmBrowser */,
				84E0F9761921F3B900D6CA14 /* RealmBrowserTests */,
				84E0F94E1921F3B900D6CA14 /* Frameworks */,
				84E0F94D1921F3B900D6CA14 /* Products */,
				5D3FC7B97CB57DEEA34AD698 /* Pods */,
			);
			sourceTree = "<group>";
		};
		84E0F94D1921F3B900D6CA14 /* Products */ = {
			isa = PBXGroup;
			children = (
				84E0F94C1921F3B900D6CA14 /* Realm Browser.app */,
				84E0F9701921F3B900D6CA14 /* RealmBrowserTests.xctest */,
			);
			name = Products;
			sourceTree = "<group>";
		};
		84E0F94E1921F3B900D6CA14 /* Frameworks */ = {
			isa = PBXGroup;
			children = (
				844C34DE19473D9D0027E902 /* libc++.dylib */,
				84E0F94F1921F3B900D6CA14 /* Cocoa.framework */,
				84E0F9521921F3B900D6CA14 /* AppKit.framework */,
				84E0F9541921F3B900D6CA14 /* Foundation.framework */,
				84E0F9711921F3B900D6CA14 /* XCTest.framework */,
				B4DD42CE427D384E8A7351A0 /* Pods.framework */,
				88A0814FC1FBF4B1C1E4D428 /* Pods_RealmBrowser.framework */,
			);
			name = Frameworks;
			sourceTree = "<group>";
		};
		84E0F9551921F3B900D6CA14 /* RealmBrowser */ = {
			isa = PBXGroup;
			children = (
				220A4F061C02E51B00A32787 /* Application */,
				220A4F0B1C02E59600A32787 /* Models */,
				220A4F081C02E55700A32787 /* Views */,
				220A4F071C02E54E00A32787 /* Controllers */,
				84BCA5FE1951BC99008FC850 /* Resources */,
				220A4F091C02E55B00A32787 /* Support */,
				84E0F9561921F3B900D6CA14 /* Supporting Files */,
			);
			path = RealmBrowser;
			sourceTree = "<group>";
		};
		84E0F9561921F3B900D6CA14 /* Supporting Files */ = {
			isa = PBXGroup;
			children = (
				84E0F9581921F3B900D6CA14 /* InfoPlist.strings */,
				22D5FF911B0DBCC30090CFE6 /* Realm Browser.entitlements */,
				84E0F9571921F3B900D6CA14 /* RealmBrowser-Info.plist */,
				84E0F95D1921F3B900D6CA14 /* RealmBrowser-Prefix.pch */,
				84E0F95B1921F3B900D6CA14 /* main.m */,
			);
			path = "Supporting Files";
			sourceTree = "<group>";
		};
		84E0F9761921F3B900D6CA14 /* RealmBrowserTests */ = {
			isa = PBXGroup;
			children = (
				84E0F9771921F3B900D6CA14 /* Supporting Files */,
				E84EB8271A2FC38C00EB780E /* RLMTestObjects.h */,
				E84EB8281A2FC38C00EB780E /* RLMTestObjects.m */,
				84E0F97C1921F3B900D6CA14 /* RealmBrowserTests.m */,
			);
			path = RealmBrowserTests;
			sourceTree = "<group>";
		};
		84E0F9771921F3B900D6CA14 /* Supporting Files */ = {
			isa = PBXGroup;
			children = (
				84E0F9791921F3B900D6CA14 /* InfoPlist.strings */,
				84E0F9781921F3B900D6CA14 /* RealmBrowserTests-Info.plist */,
			);
			path = "Supporting Files";
			sourceTree = "<group>";
		};
/* End PBXGroup section */

/* Begin PBXNativeTarget section */
		84E0F94B1921F3B900D6CA14 /* RealmBrowser */ = {
			isa = PBXNativeTarget;
			buildConfigurationList = 84E0F9801921F3B900D6CA14 /* Build configuration list for PBXNativeTarget "RealmBrowser" */;
			buildPhases = (
				206FE13CD31D6778BDB410DF /* Check Pods Manifest.lock */,
				84E0F9481921F3B900D6CA14 /* Sources */,
				84E0F9491921F3B900D6CA14 /* Frameworks */,
				84E0F94A1921F3B900D6CA14 /* Resources */,
				22FAADC51C7C553200832102 /* Embed Frameworks */,
				2BE397DF6F89F26DBAD6E860 /* Embed Pods Frameworks */,
				DC6D2CEC41E064493B12572F /* Copy Pods Resources */,
			);
			buildRules = (
			);
			dependencies = (
			);
			name = RealmBrowser;
			productName = RealmVisualEditor;
			productReference = 84E0F94C1921F3B900D6CA14 /* Realm Browser.app */;
			productType = "com.apple.product-type.application";
		};
		84E0F96F1921F3B900D6CA14 /* RealmBrowserTests */ = {
			isa = PBXNativeTarget;
			buildConfigurationList = 84E0F9831921F3B900D6CA14 /* Build configuration list for PBXNativeTarget "RealmBrowserTests" */;
			buildPhases = (
				84E0F96C1921F3B900D6CA14 /* Sources */,
				84E0F96D1921F3B900D6CA14 /* Frameworks */,
				84E0F96E1921F3B900D6CA14 /* Resources */,
			);
			buildRules = (
			);
			dependencies = (
				E84EB8231A2FB94E00EB780E /* PBXTargetDependency */,
			);
			name = RealmBrowserTests;
			productName = RealmVisualEditorTests;
			productReference = 84E0F9701921F3B900D6CA14 /* RealmBrowserTests.xctest */;
			productType = "com.apple.product-type.bundle.unit-test";
		};
/* End PBXNativeTarget section */

/* Begin PBXProject section */
		84E0F9441921F3B900D6CA14 /* Project object */ = {
			isa = PBXProject;
			attributes = {
				CLASSPREFIX = RLM;
				LastUpgradeCheck = 0700;
				ORGANIZATIONNAME = "Realm inc.";
				TargetAttributes = {
					84E0F94B1921F3B900D6CA14 = {
						DevelopmentTeam = QX5CR2FTN2;
						SystemCapabilities = {
							com.apple.Sandbox = {
								enabled = 1;
							};
						};
					};
					84E0F96F1921F3B900D6CA14 = {
						TestTargetID = 84E0F94B1921F3B900D6CA14;
					};
				};
			};
			buildConfigurationList = 84E0F9471921F3B900D6CA14 /* Build configuration list for PBXProject "RealmBrowser" */;
			compatibilityVersion = "Xcode 3.2";
			developmentRegion = English;
			hasScannedForEncodings = 0;
			knownRegions = (
				en,
				Base,
			);
			mainGroup = 84E0F9431921F3B900D6CA14;
			productRefGroup = 84E0F94D1921F3B900D6CA14 /* Products */;
			projectDirPath = "";
			projectRoot = "";
			targets = (
				84E0F94B1921F3B900D6CA14 /* RealmBrowser */,
				84E0F96F1921F3B900D6CA14 /* RealmBrowserTests */,
			);
		};
/* End PBXProject section */

/* Begin PBXResourcesBuildPhase section */
		84E0F94A1921F3B900D6CA14 /* Resources */ = {
			isa = PBXResourcesBuildPhase;
			buildActionMask = 2147483647;
			files = (
				84E0F95A1921F3B900D6CA14 /* InfoPlist.strings in Resources */,
				84E0F96B1921F3B900D6CA14 /* Images.xcassets in Resources */,
				22D2863B1B6BE6BA0078D07D /* FormatIcon.icns in Resources */,
				225786A11BD564F40012436A /* EncryptionKeyWindow.xib in Resources */,
				84E0F9601921F3B900D6CA14 /* Credits.rtf in Resources */,
				84E0F9661921F3B900D6CA14 /* RLMDocument.xib in Resources */,
				84E0F9691921F3B900D6CA14 /* MainMenu.xib in Resources */,
				22DC87E81B9808790024BA34 /* RLMExportIndicatorWindowController.xib in Resources */,
				36B669CB1B8B057F00F04AE1 /* RLMObjectLinkSelectionViewController.xib in Resources */,
			);
			runOnlyForDeploymentPostprocessing = 0;
		};
		84E0F96E1921F3B900D6CA14 /* Resources */ = {
			isa = PBXResourcesBuildPhase;
			buildActionMask = 2147483647;
			files = (
				84E0F97B1921F3B900D6CA14 /* InfoPlist.strings in Resources */,
			);
			runOnlyForDeploymentPostprocessing = 0;
		};
/* End PBXResourcesBuildPhase section */

/* Begin PBXShellScriptBuildPhase section */
		206FE13CD31D6778BDB410DF /* Check Pods Manifest.lock */ = {
			isa = PBXShellScriptBuildPhase;
			buildActionMask = 2147483647;
			files = (
			);
			inputPaths = (
			);
			name = "Check Pods Manifest.lock";
			outputPaths = (
			);
			runOnlyForDeploymentPostprocessing = 0;
			shellPath = /bin/sh;
			shellScript = "diff \"${PODS_ROOT}/../Podfile.lock\" \"${PODS_ROOT}/Manifest.lock\" > /dev/null\nif [[ $? != 0 ]] ; then\n    cat << EOM\nerror: The sandbox is not in sync with the Podfile.lock. Run 'pod install' or update your CocoaPods installation.\nEOM\n    exit 1\nfi\n";
			showEnvVarsInLog = 0;
		};
		2BE397DF6F89F26DBAD6E860 /* Embed Pods Frameworks */ = {
			isa = PBXShellScriptBuildPhase;
			buildActionMask = 2147483647;
			files = (
			);
			inputPaths = (
			);
			name = "Embed Pods Frameworks";
			outputPaths = (
			);
			runOnlyForDeploymentPostprocessing = 0;
			shellPath = /bin/sh;
			shellScript = "\"${SRCROOT}/Pods/Target Support Files/Pods-RealmBrowser/Pods-RealmBrowser-frameworks.sh\"\n";
			showEnvVarsInLog = 0;
		};
		DC6D2CEC41E064493B12572F /* Copy Pods Resources */ = {
			isa = PBXShellScriptBuildPhase;
			buildActionMask = 2147483647;
			files = (
			);
			inputPaths = (
			);
			name = "Copy Pods Resources";
			outputPaths = (
			);
			runOnlyForDeploymentPostprocessing = 0;
			shellPath = /bin/sh;
			shellScript = "\"${SRCROOT}/Pods/Target Support Files/Pods-RealmBrowser/Pods-RealmBrowser-resources.sh\"\n";
			showEnvVarsInLog = 0;
		};
/* End PBXShellScriptBuildPhase section */

/* Begin PBXSourcesBuildPhase section */
		84E0F9481921F3B900D6CA14 /* Sources */ = {
			isa = PBXSourcesBuildPhase;
			buildActionMask = 2147483647;
			files = (
				22A55FEB19D18BA8009178BC /* RLMObjectNode.m in Sources */,
				840F97C0192B7DCE006B591E /* RLMDocument.m in Sources */,
				2234B66B1CF83CEB00EAFDF0 /* NSURLComponents+FragmentItems.m in Sources */,
				84AA41B01949CD7700A50F03 /* RLMArrayNode.m in Sources */,
				22E4737219924CF700EEF7C9 /* RLMBasicTableCellView.m in Sources */,
				2257869E1BD563A00012436A /* RLMEncryptionKeyWindowController.m in Sources */,
				22E473791992562400EEF7C9 /* RLMBoolTableCellView.m in Sources */,
				8474E2BD195452BE00BCA755 /* RLMInstanceTableViewController.m in Sources */,
				84754ABE193CA4600093604E /* RLMRealmBrowserWindowController.m in Sources */,
				225443F519E3E6360045996B /* RLMTableHeaderCell.m in Sources */,
				22D3AC8A19CC5D710042C1B2 /* RLMModelExporter.m in Sources */,
				84E0F95C1921F3B900D6CA14 /* main.m in Sources */,
				84925C61195AD5B000EE27B1 /* NSColor+ByteSizeFactory.m in Sources */,
				844C34E3194859080027E902 /* TestClasses.m in Sources */,
				84E35A4D196B021B007F0344 /* RLMArrayNavigationState.m in Sources */,
				84446534195891AA00CEEA5B /* RLMViewController.m in Sources */,
				84D7990C19388E8900FC76A0 /* RLMClassProperty.m in Sources */,
				221322FD19954B0A00D25737 /* RLMTableCellView.m in Sources */,
				22096B2719911F7300233D77 /* RLMBadgeTableCellView.m in Sources */,
				228D1F871A1CAD660028562A /* RLMResultsNode.m in Sources */,
				8457294D1962E3860076D4F1 /* RLMTableView.m in Sources */,
				22D9367D1BDC64CD0032DFFE /* RLMAlert.m in Sources */,
				22A55FF119D19842009178BC /* RLMDescriptions.m in Sources */,
				84E35A49196AD991007F0344 /* RLMNavigationStack.m in Sources */,
				36B669CE1B8B096A00F04AE1 /* RLMObjectLinkSelectionViewController.m in Sources */,
				84925C67195AE9AD00EE27B1 /* RLMSidebarTableCellView.m in Sources */,
				84D7990B19388E8900FC76A0 /* RLMClassNode.m in Sources */,
				84AA41A91949C99800A50F03 /* RLMTypeNode.m in Sources */,
				22D28EA71993AAAB00497FD3 /* RLMNumberTableCellView.m in Sources */,
				3615BDB6196FA8BF00E1AE3F /* RLMQueryNavigationState.m in Sources */,
				84A34A4F192E19C5005D6CC4 /* RLMApplicationDelegate.m in Sources */,
				8474E2B419544D8000BCA755 /* RLMTypeOutlineViewController.m in Sources */,
				2249D9B219A62EBD00A31104 /* RLMTableColumn.m in Sources */,
				220D382819B639D700F79496 /* RLMTestDataGenerator.m in Sources */,
				84E35A42196A9F3B007F0344 /* RLMNavigationState.m in Sources */,
				84D7990D19388E8900FC76A0 /* RLMRealmNode.m in Sources */,
				2234B6711CF83FBA00EAFDF0 /* RLMBrowserConstants.m in Sources */,
				22DC87E61B98086D0024BA34 /* RLMExportIndicatorWindowController.m in Sources */,
				22565D6719C1BCF400C8C8EC /* RLMLinkTableCellView.m in Sources */,
				221322FA19954AB100D25737 /* RLMImageTableCellView.m in Sources */,
			);
			runOnlyForDeploymentPostprocessing = 0;
		};
		84E0F96C1921F3B900D6CA14 /* Sources */ = {
			isa = PBXSourcesBuildPhase;
			buildActionMask = 2147483647;
			files = (
				E84EB8291A2FC38C00EB780E /* RLMTestObjects.m in Sources */,
				84E0F97D1921F3B900D6CA14 /* RealmBrowserTests.m in Sources */,
			);
			runOnlyForDeploymentPostprocessing = 0;
		};
/* End PBXSourcesBuildPhase section */

/* Begin PBXTargetDependency section */
		E84EB8231A2FB94E00EB780E /* PBXTargetDependency */ = {
			isa = PBXTargetDependency;
			target = 84E0F94B1921F3B900D6CA14 /* RealmBrowser */;
			targetProxy = E84EB8221A2FB94E00EB780E /* PBXContainerItemProxy */;
		};
/* End PBXTargetDependency section */

/* Begin PBXVariantGroup section */
		2257869F1BD564F40012436A /* EncryptionKeyWindow.xib */ = {
			isa = PBXVariantGroup;
			children = (
				225786A01BD564F40012436A /* Base */,
			);
			name = EncryptionKeyWindow.xib;
			path = .;
			sourceTree = "<group>";
		};
		84E0F9581921F3B900D6CA14 /* InfoPlist.strings */ = {
			isa = PBXVariantGroup;
			children = (
				84E0F9591921F3B900D6CA14 /* en */,
			);
			name = InfoPlist.strings;
			path = .;
			sourceTree = "<group>";
		};
		84E0F95E1921F3B900D6CA14 /* Credits.rtf */ = {
			isa = PBXVariantGroup;
			children = (
				84E0F95F1921F3B900D6CA14 /* en */,
			);
			name = Credits.rtf;
			path = .;
			sourceTree = "<group>";
		};
		84E0F9641921F3B900D6CA14 /* RLMDocument.xib */ = {
			isa = PBXVariantGroup;
			children = (
				84E0F9651921F3B900D6CA14 /* Base */,
			);
			name = RLMDocument.xib;
			path = .;
			sourceTree = "<group>";
		};
		84E0F9671921F3B900D6CA14 /* MainMenu.xib */ = {
			isa = PBXVariantGroup;
			children = (
				84E0F9681921F3B900D6CA14 /* Base */,
			);
			name = MainMenu.xib;
			path = .;
			sourceTree = "<group>";
		};
		84E0F9791921F3B900D6CA14 /* InfoPlist.strings */ = {
			isa = PBXVariantGroup;
			children = (
				84E0F97A1921F3B900D6CA14 /* en */,
			);
			name = InfoPlist.strings;
			path = .;
			sourceTree = "<group>";
		};
/* End PBXVariantGroup section */

/* Begin XCBuildConfiguration section */
		84E0F97E1921F3B900D6CA14 /* Debug */ = {
			isa = XCBuildConfiguration;
			buildSettings = {
				ALWAYS_SEARCH_USER_PATHS = NO;
				CLANG_ALLOW_NON_MODULAR_INCLUDES_IN_FRAMEWORK_MODULES = NO;
				CLANG_CXX_LANGUAGE_STANDARD = "gnu++0x";
				CLANG_CXX_LIBRARY = "libc++";
				CLANG_ENABLE_MODULES = YES;
				CLANG_ENABLE_OBJC_ARC = YES;
				CLANG_WARN_BOOL_CONVERSION = YES;
				CLANG_WARN_CONSTANT_CONVERSION = YES;
				CLANG_WARN_DIRECT_OBJC_ISA_USAGE = YES_ERROR;
				CLANG_WARN_EMPTY_BODY = YES;
				CLANG_WARN_ENUM_CONVERSION = YES;
				CLANG_WARN_INT_CONVERSION = YES;
				CLANG_WARN_OBJC_ROOT_CLASS = YES_ERROR;
				CLANG_WARN__DUPLICATE_METHOD_MATCH = YES;
				CODE_SIGN_IDENTITY = "Mac Developer";
				COPY_PHASE_STRIP = NO;
				ENABLE_TESTABILITY = YES;
				GCC_C_LANGUAGE_STANDARD = gnu99;
				GCC_DYNAMIC_NO_PIC = NO;
				GCC_ENABLE_OBJC_EXCEPTIONS = YES;
				GCC_OPTIMIZATION_LEVEL = 0;
				GCC_PREPROCESSOR_DEFINITIONS = (
					"DEBUG=1",
					"$(inherited)",
				);
				GCC_SYMBOLS_PRIVATE_EXTERN = NO;
				GCC_WARN_64_TO_32_BIT_CONVERSION = YES;
				GCC_WARN_ABOUT_RETURN_TYPE = YES_ERROR;
				GCC_WARN_UNDECLARED_SELECTOR = YES;
				GCC_WARN_UNINITIALIZED_AUTOS = YES_AGGRESSIVE;
				GCC_WARN_UNUSED_FUNCTION = YES;
				GCC_WARN_UNUSED_VARIABLE = YES;
				MACOSX_DEPLOYMENT_TARGET = 10.9;
				ONLY_ACTIVE_ARCH = YES;
				OTHER_CODE_SIGN_FLAGS = "--deep";
				SDKROOT = macosx;
			};
			name = Debug;
		};
		84E0F97F1921F3B900D6CA14 /* Release */ = {
			isa = XCBuildConfiguration;
			buildSettings = {
				ALWAYS_SEARCH_USER_PATHS = NO;
				CLANG_ALLOW_NON_MODULAR_INCLUDES_IN_FRAMEWORK_MODULES = NO;
				CLANG_CXX_LANGUAGE_STANDARD = "gnu++0x";
				CLANG_CXX_LIBRARY = "libc++";
				CLANG_ENABLE_MODULES = YES;
				CLANG_ENABLE_OBJC_ARC = YES;
				CLANG_WARN_BOOL_CONVERSION = YES;
				CLANG_WARN_CONSTANT_CONVERSION = YES;
				CLANG_WARN_DIRECT_OBJC_ISA_USAGE = YES_ERROR;
				CLANG_WARN_EMPTY_BODY = YES;
				CLANG_WARN_ENUM_CONVERSION = YES;
				CLANG_WARN_INT_CONVERSION = YES;
				CLANG_WARN_OBJC_ROOT_CLASS = YES_ERROR;
				CLANG_WARN__DUPLICATE_METHOD_MATCH = YES;
				CODE_SIGN_IDENTITY = "3rd Party Mac Developer Application: Realm ApS (QX5CR2FTN2)";
				COPY_PHASE_STRIP = YES;
				DEBUG_INFORMATION_FORMAT = "dwarf-with-dsym";
				ENABLE_NS_ASSERTIONS = NO;
				GCC_C_LANGUAGE_STANDARD = gnu99;
				GCC_ENABLE_OBJC_EXCEPTIONS = YES;
				GCC_WARN_64_TO_32_BIT_CONVERSION = YES;
				GCC_WARN_ABOUT_RETURN_TYPE = YES_ERROR;
				GCC_WARN_UNDECLARED_SELECTOR = YES;
				GCC_WARN_UNINITIALIZED_AUTOS = YES_AGGRESSIVE;
				GCC_WARN_UNUSED_FUNCTION = YES;
				GCC_WARN_UNUSED_VARIABLE = YES;
				MACOSX_DEPLOYMENT_TARGET = 10.9;
				OTHER_CODE_SIGN_FLAGS = "--deep";
				SDKROOT = macosx;
			};
			name = Release;
		};
		84E0F9811921F3B900D6CA14 /* Debug */ = {
			isa = XCBuildConfiguration;
			baseConfigurationReference = B5A5F0615B6ED1995CD3051A /* Pods-RealmBrowser.debug.xcconfig */;
			buildSettings = {
				ASSETCATALOG_COMPILER_APPICON_NAME = AppIcon;
				CLANG_ALLOW_NON_MODULAR_INCLUDES_IN_FRAMEWORK_MODULES = NO;
				CODE_SIGN_ENTITLEMENTS = "RealmBrowser/Supporting Files/Realm Browser.entitlements";
				CODE_SIGN_IDENTITY = "Mac Developer";
				COMBINE_HIDPI_IMAGES = YES;
				CURRENT_PROJECT_VERSION = 50;
				FRAMEWORK_SEARCH_PATHS = "$(inherited)";
				GCC_PRECOMPILE_PREFIX_HEADER = YES;
				GCC_PREFIX_HEADER = "RealmBrowser/Supporting Files/RealmBrowser-Prefix.pch";
				HEADER_SEARCH_PATHS = (
					"$(inherited)",
					/Applications/Xcode.app/Contents/Developer/Toolchains/XcodeDefault.xctoolchain/usr/include,
				);
				INFOPLIST_FILE = "RealmBrowser/Supporting Files/RealmBrowser-Info.plist";
				LD_RUNPATH_SEARCH_PATHS = "$(inherited) @executable_path/../Frameworks";
				LIBRARY_SEARCH_PATHS = "$(inherited)";
				MACOSX_DEPLOYMENT_TARGET = 10.9;
				OTHER_CODE_SIGN_FLAGS = "--deep";
				PRODUCT_BUNDLE_IDENTIFIER = io.realm.realmbrowser;
				PRODUCT_NAME = "Realm Browser";
				PROVISIONING_PROFILE = "";
				VERSIONING_SYSTEM = "apple-generic";
				WRAPPER_EXTENSION = app;
			};
			name = Debug;
		};
		84E0F9821921F3B900D6CA14 /* Release */ = {
			isa = XCBuildConfiguration;
			baseConfigurationReference = A4F4F093ABA4699B1D57AF0F /* Pods-RealmBrowser.release.xcconfig */;
			buildSettings = {
				ASSETCATALOG_COMPILER_APPICON_NAME = AppIcon;
				CLANG_ALLOW_NON_MODULAR_INCLUDES_IN_FRAMEWORK_MODULES = NO;
				CODE_SIGN_ENTITLEMENTS = "RealmBrowser/Supporting Files/Realm Browser.entitlements";
				CODE_SIGN_IDENTITY = "Mac Developer";
				COMBINE_HIDPI_IMAGES = YES;
				CURRENT_PROJECT_VERSION = 50;
				FRAMEWORK_SEARCH_PATHS = "$(inherited)";
				GCC_PRECOMPILE_PREFIX_HEADER = YES;
				GCC_PREFIX_HEADER = "RealmBrowser/Supporting Files/RealmBrowser-Prefix.pch";
				HEADER_SEARCH_PATHS = (
					"$(inherited)",
					/Applications/Xcode.app/Contents/Developer/Toolchains/XcodeDefault.xctoolchain/usr/include,
				);
				INFOPLIST_FILE = "RealmBrowser/Supporting Files/RealmBrowser-Info.plist";
				LD_RUNPATH_SEARCH_PATHS = "$(inherited) @executable_path/../Frameworks";
				LIBRARY_SEARCH_PATHS = "$(inherited)";
				MACOSX_DEPLOYMENT_TARGET = 10.9;
				OTHER_CODE_SIGN_FLAGS = "--deep";
				PRODUCT_BUNDLE_IDENTIFIER = io.realm.realmbrowser;
				PRODUCT_NAME = "Realm Browser";
				PROVISIONING_PROFILE = "";
				VERSIONING_SYSTEM = "apple-generic";
				WRAPPER_EXTENSION = app;
			};
			name = Release;
		};
		84E0F9841921F3B900D6CA14 /* Debug */ = {
			isa = XCBuildConfiguration;
			buildSettings = {
				BUNDLE_LOADER = "$(BUILT_PRODUCTS_DIR)/Realm Browser.app/Contents/MacOS/Realm Browser";
				COMBINE_HIDPI_IMAGES = YES;
				FRAMEWORK_SEARCH_PATHS = (
					"$(inherited)",
					"$(PROJECT_DIR)",
				);
				GCC_PRECOMPILE_PREFIX_HEADER = YES;
				GCC_PREFIX_HEADER = "";
				INFOPLIST_FILE = "RealmBrowserTests/Supporting Files/RealmBrowserTests-Info.plist";
				LIBRARY_SEARCH_PATHS = "$(inherited)";
				PRODUCT_BUNDLE_IDENTIFIER = "io.realm.${PRODUCT_NAME:rfc1034identifier}";
				PRODUCT_NAME = RealmBrowserTests;
				TEST_HOST = "$(BUNDLE_LOADER)";
				WRAPPER_EXTENSION = xctest;
			};
			name = Debug;
		};
		84E0F9851921F3B900D6CA14 /* Release */ = {
			isa = XCBuildConfiguration;
			buildSettings = {
				BUNDLE_LOADER = "$(BUILT_PRODUCTS_DIR)/Realm Browser.app/Contents/MacOS/Realm Browser";
				COMBINE_HIDPI_IMAGES = YES;
				FRAMEWORK_SEARCH_PATHS = (
					"$(inherited)",
					"$(PROJECT_DIR)",
				);
				GCC_PRECOMPILE_PREFIX_HEADER = YES;
				GCC_PREFIX_HEADER = "";
				INFOPLIST_FILE = "RealmBrowserTests/Supporting Files/RealmBrowserTests-Info.plist";
				LIBRARY_SEARCH_PATHS = "$(inherited)";
				PRODUCT_BUNDLE_IDENTIFIER = "io.realm.${PRODUCT_NAME:rfc1034identifier}";
				PRODUCT_NAME = RealmBrowserTests;
				TEST_HOST = "$(BUNDLE_LOADER)";
				WRAPPER_EXTENSION = xctest;
			};
			name = Release;
		};
/* End XCBuildConfiguration section */

/* Begin XCConfigurationList section */
		84E0F9471921F3B900D6CA14 /* Build configuration list for PBXProject "RealmBrowser" */ = {
			isa = XCConfigurationList;
			buildConfigurations = (
				84E0F97E1921F3B900D6CA14 /* Debug */,
				84E0F97F1921F3B900D6CA14 /* Release */,
			);
			defaultConfigurationIsVisible = 0;
			defaultConfigurationName = Release;
		};
		84E0F9801921F3B900D6CA14 /* Build configuration list for PBXNativeTarget "RealmBrowser" */ = {
			isa = XCConfigurationList;
			buildConfigurations = (
				84E0F9811921F3B900D6CA14 /* Debug */,
				84E0F9821921F3B900D6CA14 /* Release */,
			);
			defaultConfigurationIsVisible = 0;
			defaultConfigurationName = Release;
		};
		84E0F9831921F3B900D6CA14 /* Build configuration list for PBXNativeTarget "RealmBrowserTests" */ = {
			isa = XCConfigurationList;
			buildConfigurations = (
				84E0F9841921F3B900D6CA14 /* Debug */,
				84E0F9851921F3B900D6CA14 /* Release */,
			);
			defaultConfigurationIsVisible = 0;
			defaultConfigurationName = Release;
		};
/* End XCConfigurationList section */
	};
	rootObject = 84E0F9441921F3B900D6CA14 /* Project object */;
}
